// !$*UTF8*$!
{
	archiveVersion = 1;
	classes = {
	};
	objectVersion = 56;
	objects = {

/* Begin PBXBuildFile section */
		700713EA29CA9EDE00D59BAA /* LaunchScreen.storyboard in Resources */ = {isa = PBXBuildFile; fileRef = 700713E929CA9EDE00D59BAA /* LaunchScreen.storyboard */; };
		7009ACD829A936D300D9B800 /* Double.swift in Sources */ = {isa = PBXBuildFile; fileRef = 7009ACD729A936D300D9B800 /* Double.swift */; };
		7009ACDA29A93C4E00D9B800 /* MPVolumeView.swift in Sources */ = {isa = PBXBuildFile; fileRef = 7009ACD929A93C4E00D9B800 /* MPVolumeView.swift */; };
		7026489629A295B80092E111 /* ArtistInfoCell.swift in Sources */ = {isa = PBXBuildFile; fileRef = 7026489429A295B80092E111 /* ArtistInfoCell.swift */; };
		7026489729A295B80092E111 /* ArtistInfoCell.xib in Resources */ = {isa = PBXBuildFile; fileRef = 7026489529A295B80092E111 /* ArtistInfoCell.xib */; };
		702648A029A29D3D0092E111 /* TopTrackLabelCell.swift in Sources */ = {isa = PBXBuildFile; fileRef = 7026489E29A29D3D0092E111 /* TopTrackLabelCell.swift */; };
		702648A129A29D3D0092E111 /* TopTrackLabelCell.xib in Resources */ = {isa = PBXBuildFile; fileRef = 7026489F29A29D3D0092E111 /* TopTrackLabelCell.xib */; };
		703A482529C120780020E679 /* AudioPlayer.swift in Sources */ = {isa = PBXBuildFile; fileRef = 703A482429C120780020E679 /* AudioPlayer.swift */; };
		703E24EC29A3F4DE00C6D957 /* TracksController.swift in Sources */ = {isa = PBXBuildFile; fileRef = 703E24EB29A3F4DE00C6D957 /* TracksController.swift */; };
		703E24EE29A3F4EB00C6D957 /* TracksController.xib in Resources */ = {isa = PBXBuildFile; fileRef = 703E24ED29A3F4EB00C6D957 /* TracksController.xib */; };
		7042E44029A8C7770042B8C3 /* AudioPlayerDelegate.swift in Sources */ = {isa = PBXBuildFile; fileRef = 7042E43F29A8C7770042B8C3 /* AudioPlayerDelegate.swift */; };
		7042E44329A8FC5F0042B8C3 /* NowPlayingController.swift in Sources */ = {isa = PBXBuildFile; fileRef = 7042E44129A8FC5F0042B8C3 /* NowPlayingController.swift */; };
		7042E44429A8FC5F0042B8C3 /* NowPlayingController.xib in Resources */ = {isa = PBXBuildFile; fileRef = 7042E44229A8FC5F0042B8C3 /* NowPlayingController.xib */; };
		70450FCB2990DBF1008E4C1C /* RealmManager.swift in Sources */ = {isa = PBXBuildFile; fileRef = 70450FCA2990DBF1008E4C1C /* RealmManager.swift */; };
		70450FCE2990DC37008E4C1C /* LibraryTrack.swift in Sources */ = {isa = PBXBuildFile; fileRef = 70450FCD2990DC37008E4C1C /* LibraryTrack.swift */; };
		704635B929B89AA700A22C4D /* UITableView.swift in Sources */ = {isa = PBXBuildFile; fileRef = 704635B829B89AA700A22C4D /* UITableView.swift */; };
		704635BB29B89AF000A22C4D /* UICollectionView.swift in Sources */ = {isa = PBXBuildFile; fileRef = 704635BA29B89AF000A22C4D /* UICollectionView.swift */; };
		704635E329B8A4F700A22C4D /* SettingsController.swift in Sources */ = {isa = PBXBuildFile; fileRef = 704635E129B8A4F700A22C4D /* SettingsController.swift */; };
		704635E429B8A4F700A22C4D /* SettingsController.xib in Resources */ = {isa = PBXBuildFile; fileRef = 704635E229B8A4F700A22C4D /* SettingsController.xib */; };
		704635E729B8A71D00A22C4D /* SettingsManager.swift in Sources */ = {isa = PBXBuildFile; fileRef = 704635E629B8A71D00A22C4D /* SettingsManager.swift */; };
		704635EB29B8A83800A22C4D /* ColorSettingsCell.swift in Sources */ = {isa = PBXBuildFile; fileRef = 704635E929B8A83800A22C4D /* ColorSettingsCell.swift */; };
		704635EC29B8A83800A22C4D /* ColorSettingsCell.xib in Resources */ = {isa = PBXBuildFile; fileRef = 704635EA29B8A83800A22C4D /* ColorSettingsCell.xib */; };
		704CD2A9299CE51600FFEBBA /* LibraryPlaylist.swift in Sources */ = {isa = PBXBuildFile; fileRef = 704CD2A8299CE51600FFEBBA /* LibraryPlaylist.swift */; };
		704CD2AC299CE71200FFEBBA /* LibraryPlaylistsController.swift in Sources */ = {isa = PBXBuildFile; fileRef = 704CD2AA299CE71200FFEBBA /* LibraryPlaylistsController.swift */; };
		704CD2AD299CE71200FFEBBA /* LibraryPlaylistsController.xib in Resources */ = {isa = PBXBuildFile; fileRef = 704CD2AB299CE71200FFEBBA /* LibraryPlaylistsController.xib */; };
		704CD2B1299CE80500FFEBBA /* AddPlaylistController.swift in Sources */ = {isa = PBXBuildFile; fileRef = 704CD2AF299CE80500FFEBBA /* AddPlaylistController.swift */; };
		704CD2B2299CE80500FFEBBA /* AddPlaylistController.xib in Resources */ = {isa = PBXBuildFile; fileRef = 704CD2B0299CE80500FFEBBA /* AddPlaylistController.xib */; };
		704CD2B5299CEA1600FFEBBA /* LibraryTrackInPlaylist.swift in Sources */ = {isa = PBXBuildFile; fileRef = 704CD2B4299CEA1600FFEBBA /* LibraryTrackInPlaylist.swift */; };
		704CD2B8299CEE5600FFEBBA /* LibraryPlaylistCell.swift in Sources */ = {isa = PBXBuildFile; fileRef = 704CD2B6299CEE5600FFEBBA /* LibraryPlaylistCell.swift */; };
		704CD2B9299CEE5600FFEBBA /* LibraryPlaylistCell.xib in Resources */ = {isa = PBXBuildFile; fileRef = 704CD2B7299CEE5600FFEBBA /* LibraryPlaylistCell.xib */; };
		7057BDB129B5285A00C8DE17 /* LibraryDataManager.swift in Sources */ = {isa = PBXBuildFile; fileRef = 7057BDB029B5285A00C8DE17 /* LibraryDataManager.swift */; };
		7057BDB329B52B1A00C8DE17 /* Bool.swift in Sources */ = {isa = PBXBuildFile; fileRef = 7057BDB229B52B1A00C8DE17 /* Bool.swift */; };
		705BDE7C29BA9F2C006E2E0E /* YandexMusicTrackModel.swift in Sources */ = {isa = PBXBuildFile; fileRef = 705BDE7B29BA9F2C006E2E0E /* YandexMusicTrackModel.swift */; };
		705BDE7F29BA9FC8006E2E0E /* YandexMusicAPI.swift in Sources */ = {isa = PBXBuildFile; fileRef = 705BDE7E29BA9FC8006E2E0E /* YandexMusicAPI.swift */; };
		705BDE8129BAA069006E2E0E /* YandexMusicProvider.swift in Sources */ = {isa = PBXBuildFile; fileRef = 705BDE8029BAA069006E2E0E /* YandexMusicProvider.swift */; };
		7068031C299F7A9700536187 /* Localizable.strings in Resources */ = {isa = PBXBuildFile; fileRef = 7068031E299F7A9700536187 /* Localizable.strings */; };
		70680321299F7BC100536187 /* SearchBarEnum.swift in Sources */ = {isa = PBXBuildFile; fileRef = 70680320299F7BC100536187 /* SearchBarEnum.swift */; };
		70680325299F7DD200536187 /* Bundle.swift in Sources */ = {isa = PBXBuildFile; fileRef = 70680324299F7DD200536187 /* Bundle.swift */; };
		70680327299F7E2A00536187 /* Localization.swift in Sources */ = {isa = PBXBuildFile; fileRef = 70680326299F7E2A00536187 /* Localization.swift */; };
		70826A7129B1ECDD00A7FF73 /* ActionsManager.swift in Sources */ = {isa = PBXBuildFile; fileRef = 70826A7029B1ECDD00A7FF73 /* ActionsManager.swift */; };
		708BE8CD29B5CE3900819935 /* AddToPlaylistController.swift in Sources */ = {isa = PBXBuildFile; fileRef = 708BE8CB29B5CE3900819935 /* AddToPlaylistController.swift */; };
		708BE8CE29B5CE3900819935 /* AddToPlaylistController.xib in Resources */ = {isa = PBXBuildFile; fileRef = 708BE8CC29B5CE3900819935 /* AddToPlaylistController.xib */; };
		708BE8D129B5CEE400819935 /* PlaylistCell.swift in Sources */ = {isa = PBXBuildFile; fileRef = 708BE8CF29B5CEE400819935 /* PlaylistCell.swift */; };
		708BE8D229B5CEE400819935 /* PlaylistCell.xib in Resources */ = {isa = PBXBuildFile; fileRef = 708BE8D029B5CEE400819935 /* PlaylistCell.xib */; };
		708BE8D529B60A7E00819935 /* ImageManager.swift in Sources */ = {isa = PBXBuildFile; fileRef = 708BE8D429B60A7E00819935 /* ImageManager.swift */; };
		708BE8D829B61AF800819935 /* PlaylistController.swift in Sources */ = {isa = PBXBuildFile; fileRef = 708BE8D629B61AF800819935 /* PlaylistController.swift */; };
		708BE8D929B61AF800819935 /* PlaylistController.xib in Resources */ = {isa = PBXBuildFile; fileRef = 708BE8D729B61AF800819935 /* PlaylistController.xib */; };
		708BE8DD29B61CE900819935 /* TrackInPlaylistCell.swift in Sources */ = {isa = PBXBuildFile; fileRef = 708BE8DB29B61CE900819935 /* TrackInPlaylistCell.swift */; };
		708BE8DE29B61CE900819935 /* TrackInPlaylistCell.xib in Resources */ = {isa = PBXBuildFile; fileRef = 708BE8DC29B61CE900819935 /* TrackInPlaylistCell.xib */; };
		708BE8E329B63A0300819935 /* PlaylistInfoCell.swift in Sources */ = {isa = PBXBuildFile; fileRef = 708BE8E129B63A0300819935 /* PlaylistInfoCell.swift */; };
		708BE8E429B63A0300819935 /* PlaylistInfoCell.xib in Resources */ = {isa = PBXBuildFile; fileRef = 708BE8E229B63A0300819935 /* PlaylistInfoCell.xib */; };
		708BE8E829B63FCE00819935 /* TextPlaylistInfoCell.swift in Sources */ = {isa = PBXBuildFile; fileRef = 708BE8E629B63FCE00819935 /* TextPlaylistInfoCell.swift */; };
		708BE8E929B63FCE00819935 /* TextPlaylistInfoCell.xib in Resources */ = {isa = PBXBuildFile; fileRef = 708BE8E729B63FCE00819935 /* TextPlaylistInfoCell.xib */; };
		709BA3F1299A200500B4AD38 /* LibraryAlbumCell.swift in Sources */ = {isa = PBXBuildFile; fileRef = 709BA3EF299A200500B4AD38 /* LibraryAlbumCell.swift */; };
		709BA3F2299A200500B4AD38 /* LibraryAlbumCell.xib in Resources */ = {isa = PBXBuildFile; fileRef = 709BA3F0299A200500B4AD38 /* LibraryAlbumCell.xib */; };
		709BA3F6299A46E200B4AD38 /* String.swift in Sources */ = {isa = PBXBuildFile; fileRef = 709BA3F5299A46E200B4AD38 /* String.swift */; };
		709BA3FA299ACE2100B4AD38 /* LibraryArtistsController.swift in Sources */ = {isa = PBXBuildFile; fileRef = 709BA3F8299ACE2100B4AD38 /* LibraryArtistsController.swift */; };
		709BA3FB299ACE2100B4AD38 /* LibraryArtistsController.xib in Resources */ = {isa = PBXBuildFile; fileRef = 709BA3F9299ACE2100B4AD38 /* LibraryArtistsController.xib */; };
		709BA3FF299AD1FF00B4AD38 /* LibraryArtistCell.swift in Sources */ = {isa = PBXBuildFile; fileRef = 709BA3FD299AD1FF00B4AD38 /* LibraryArtistCell.swift */; };
		709BA400299AD1FF00B4AD38 /* LibraryArtistCell.xib in Resources */ = {isa = PBXBuildFile; fileRef = 709BA3FE299AD1FF00B4AD38 /* LibraryArtistCell.xib */; };
		70B028362993F0DA00BB9E01 /* SongLinkProvider.swift in Sources */ = {isa = PBXBuildFile; fileRef = 70B028332993F0DA00BB9E01 /* SongLinkProvider.swift */; };
		70B028372993F0DA00BB9E01 /* SongLinkAPI.swift in Sources */ = {isa = PBXBuildFile; fileRef = 70B028342993F0DA00BB9E01 /* SongLinkAPI.swift */; };
		70BAA3EB2995103F008E6BE4 /* LibraryAlbumsController.swift in Sources */ = {isa = PBXBuildFile; fileRef = 70BAA3E92995103F008E6BE4 /* LibraryAlbumsController.swift */; };
		70BAA3EC2995103F008E6BE4 /* LibraryAlbumsController.xib in Resources */ = {isa = PBXBuildFile; fileRef = 70BAA3EA2995103F008E6BE4 /* LibraryAlbumsController.xib */; };
		70C4124C29AA27DE0039AFE1 /* NowPlayingView.swift in Sources */ = {isa = PBXBuildFile; fileRef = 70C4124B29AA27DE0039AFE1 /* NowPlayingView.swift */; };
		70C4124E29AA27E40039AFE1 /* NowPlayingView.xib in Resources */ = {isa = PBXBuildFile; fileRef = 70C4124D29AA27E40039AFE1 /* NowPlayingView.xib */; };
		70C8B9FE29BA53AE0016696A /* LinkModel.swift in Sources */ = {isa = PBXBuildFile; fileRef = 70C8B9FD29BA53AE0016696A /* LinkModel.swift */; };
		70C8BA0129BA57030016696A /* SpotifyAPI.swift in Sources */ = {isa = PBXBuildFile; fileRef = 70C8BA0029BA57030016696A /* SpotifyAPI.swift */; };
		70C8BA0329BA570A0016696A /* SpotifyProvider.swift in Sources */ = {isa = PBXBuildFile; fileRef = 70C8BA0229BA570A0016696A /* SpotifyProvider.swift */; };
		70C8BA0629BA57160016696A /* CanvasModel.swift in Sources */ = {isa = PBXBuildFile; fileRef = 70C8BA0529BA57160016696A /* CanvasModel.swift */; };
		70C8BA0829BA584A0016696A /* VideoPlayer.swift in Sources */ = {isa = PBXBuildFile; fileRef = 70C8BA0729BA584A0016696A /* VideoPlayer.swift */; };
		70C8BA0A29BA58E50016696A /* VideoPlayerDelegate.swift in Sources */ = {isa = PBXBuildFile; fileRef = 70C8BA0929BA58E50016696A /* VideoPlayerDelegate.swift */; };
		70D1A8AE2993F3C3003B3478 /* LibrarySongsController.swift in Sources */ = {isa = PBXBuildFile; fileRef = 70D1A8AC2993F3C3003B3478 /* LibrarySongsController.swift */; };
		70D1A8AF2993F3C3003B3478 /* LibrarySongsController.xib in Resources */ = {isa = PBXBuildFile; fileRef = 70D1A8AD2993F3C3003B3478 /* LibrarySongsController.xib */; };
		70D1A8B52993F8B5003B3478 /* LibraryTrackCell.swift in Sources */ = {isa = PBXBuildFile; fileRef = 70D1A8B32993F8B5003B3478 /* LibraryTrackCell.swift */; };
		70D1A8B62993F8B5003B3478 /* LibraryTrackCell.xib in Resources */ = {isa = PBXBuildFile; fileRef = 70D1A8B42993F8B5003B3478 /* LibraryTrackCell.xib */; };
		70D1A8B92993FC77003B3478 /* MenuActionsDelegate.swift in Sources */ = {isa = PBXBuildFile; fileRef = 70D1A8B82993FC77003B3478 /* MenuActionsDelegate.swift */; };
		70E63CF1298EDD7F003D6CBF /* DeezerAPI.swift in Sources */ = {isa = PBXBuildFile; fileRef = 70E63CF0298EDD7F003D6CBF /* DeezerAPI.swift */; };
		70E63CF3298EDD9C003D6CBF /* DeezerProvider.swift in Sources */ = {isa = PBXBuildFile; fileRef = 70E63CF2298EDD9C003D6CBF /* DeezerProvider.swift */; };
		70E63CF5298EDDBD003D6CBF /* DeezerType.swift in Sources */ = {isa = PBXBuildFile; fileRef = 70E63CF4298EDDBD003D6CBF /* DeezerType.swift */; };
		70E63CF7298EDDCD003D6CBF /* DeezerAlbum.swift in Sources */ = {isa = PBXBuildFile; fileRef = 70E63CF6298EDDCD003D6CBF /* DeezerAlbum.swift */; };
		70E63CF9298EDDD7003D6CBF /* DeezerArtist.swift in Sources */ = {isa = PBXBuildFile; fileRef = 70E63CF8298EDDD7003D6CBF /* DeezerArtist.swift */; };
		70E63CFB298EDDF3003D6CBF /* DeezerData.swift in Sources */ = {isa = PBXBuildFile; fileRef = 70E63CFA298EDDF3003D6CBF /* DeezerData.swift */; };
		70E63CFD298EDDFF003D6CBF /* DeezerGenre.swift in Sources */ = {isa = PBXBuildFile; fileRef = 70E63CFC298EDDFF003D6CBF /* DeezerGenre.swift */; };
		70E63CFF298EDE0C003D6CBF /* DeezerTrack.swift in Sources */ = {isa = PBXBuildFile; fileRef = 70E63CFE298EDE0C003D6CBF /* DeezerTrack.swift */; };
		70E63D05298EDE7E003D6CBF /* TabBarController.swift in Sources */ = {isa = PBXBuildFile; fileRef = 70E63D04298EDE7E003D6CBF /* TabBarController.swift */; };
		70E63D09298EDFAA003D6CBF /* LibraryController.swift in Sources */ = {isa = PBXBuildFile; fileRef = 70E63D07298EDFAA003D6CBF /* LibraryController.swift */; };
		70E63D0A298EDFAA003D6CBF /* LibraryController.xib in Resources */ = {isa = PBXBuildFile; fileRef = 70E63D08298EDFAA003D6CBF /* LibraryController.xib */; };
		70E63D0D298EDFB4003D6CBF /* SearchController.swift in Sources */ = {isa = PBXBuildFile; fileRef = 70E63D0B298EDFB4003D6CBF /* SearchController.swift */; };
		70E63D0E298EDFB4003D6CBF /* SearchController.xib in Resources */ = {isa = PBXBuildFile; fileRef = 70E63D0C298EDFB4003D6CBF /* SearchController.xib */; };
		70E63D16298EE398003D6CBF /* LibraryCell.swift in Sources */ = {isa = PBXBuildFile; fileRef = 70E63D14298EE398003D6CBF /* LibraryCell.swift */; };
		70E63D17298EE398003D6CBF /* LibraryCell.xib in Resources */ = {isa = PBXBuildFile; fileRef = 70E63D15298EE398003D6CBF /* LibraryCell.xib */; };
		70E63D1A2990C922003D6CBF /* LibraryEnum.swift in Sources */ = {isa = PBXBuildFile; fileRef = 70E63D192990C922003D6CBF /* LibraryEnum.swift */; };
		70E63D242990D3C4003D6CBF /* RecentlyAddedCell.swift in Sources */ = {isa = PBXBuildFile; fileRef = 70E63D222990D3C4003D6CBF /* RecentlyAddedCell.swift */; };
		70E63D252990D3C4003D6CBF /* RecentlyAddedCell.xib in Resources */ = {isa = PBXBuildFile; fileRef = 70E63D232990D3C4003D6CBF /* RecentlyAddedCell.xib */; };
		70E71A0E29930634004E6309 /* SongCell.swift in Sources */ = {isa = PBXBuildFile; fileRef = 70E71A0C29930634004E6309 /* SongCell.swift */; };
		70E71A0F29930634004E6309 /* SongCell.xib in Resources */ = {isa = PBXBuildFile; fileRef = 70E71A0D29930634004E6309 /* SongCell.xib */; };
		70E92EFB2993DF370087E16A /* LibraryManager.swift in Sources */ = {isa = PBXBuildFile; fileRef = 70E92EFA2993DF370087E16A /* LibraryManager.swift */; };
		70E92EFD2993E0550087E16A /* MenuActionsEnum.swift in Sources */ = {isa = PBXBuildFile; fileRef = 70E92EFC2993E0550087E16A /* MenuActionsEnum.swift */; };
		70F8AF46298EDC4A0002D1D0 /* AppDelegate.swift in Sources */ = {isa = PBXBuildFile; fileRef = 70F8AF45298EDC4A0002D1D0 /* AppDelegate.swift */; };
		70F8AF48298EDC4A0002D1D0 /* SceneDelegate.swift in Sources */ = {isa = PBXBuildFile; fileRef = 70F8AF47298EDC4A0002D1D0 /* SceneDelegate.swift */; };
		70F8AF4D298EDC4A0002D1D0 /* Main.storyboard in Resources */ = {isa = PBXBuildFile; fileRef = 70F8AF4B298EDC4A0002D1D0 /* Main.storyboard */; };
		70F8AF4F298EDC4B0002D1D0 /* Assets.xcassets in Resources */ = {isa = PBXBuildFile; fileRef = 70F8AF4E298EDC4B0002D1D0 /* Assets.xcassets */; };
		70FCD0DA29A0FB4000AEB719 /* AlbumController.swift in Sources */ = {isa = PBXBuildFile; fileRef = 70FCD0D829A0FB4000AEB719 /* AlbumController.swift */; };
		70FCD0DB29A0FB4000AEB719 /* AlbumController.xib in Resources */ = {isa = PBXBuildFile; fileRef = 70FCD0D929A0FB4000AEB719 /* AlbumController.xib */; };
		70FCD0DF29A0FB7900AEB719 /* AlbumInfoCell.swift in Sources */ = {isa = PBXBuildFile; fileRef = 70FCD0DD29A0FB7900AEB719 /* AlbumInfoCell.swift */; };
		70FCD0E029A0FB7900AEB719 /* AlbumInfoCell.xib in Resources */ = {isa = PBXBuildFile; fileRef = 70FCD0DE29A0FB7900AEB719 /* AlbumInfoCell.xib */; };
		70FCD0E429A1082500AEB719 /* AlbumTrackCell.swift in Sources */ = {isa = PBXBuildFile; fileRef = 70FCD0E229A1082500AEB719 /* AlbumTrackCell.swift */; };
		70FCD0E529A1082500AEB719 /* AlbumTrackCell.xib in Resources */ = {isa = PBXBuildFile; fileRef = 70FCD0E329A1082500AEB719 /* AlbumTrackCell.xib */; };
		70FCD0E929A1103400AEB719 /* TextAlbumInfoCell.swift in Sources */ = {isa = PBXBuildFile; fileRef = 70FCD0E729A1103400AEB719 /* TextAlbumInfoCell.swift */; };
		70FCD0EA29A1103400AEB719 /* TextAlbumInfoCell.xib in Resources */ = {isa = PBXBuildFile; fileRef = 70FCD0E829A1103400AEB719 /* TextAlbumInfoCell.xib */; };
		70FCD0EC29A111A700AEB719 /* Int.swift in Sources */ = {isa = PBXBuildFile; fileRef = 70FCD0EB29A111A700AEB719 /* Int.swift */; };
		70FCD0F029A12A8A00AEB719 /* MoreAlbumsByArtistCell.swift in Sources */ = {isa = PBXBuildFile; fileRef = 70FCD0EE29A12A8A00AEB719 /* MoreAlbumsByArtistCell.swift */; };
		70FCD0F129A12A8A00AEB719 /* MoreAlbumsByArtistCell.xib in Resources */ = {isa = PBXBuildFile; fileRef = 70FCD0EF29A12A8A00AEB719 /* MoreAlbumsByArtistCell.xib */; };
		70FCD0F429A13A4D00AEB719 /* ViewControllerDelegate.swift in Sources */ = {isa = PBXBuildFile; fileRef = 70FCD0F329A13A4D00AEB719 /* ViewControllerDelegate.swift */; };
		70FCD0F729A15B5400AEB719 /* ArtistController.swift in Sources */ = {isa = PBXBuildFile; fileRef = 70FCD0F529A15B5400AEB719 /* ArtistController.swift */; };
		70FCD0F829A15B5400AEB719 /* ArtistController.xib in Resources */ = {isa = PBXBuildFile; fileRef = 70FCD0F629A15B5400AEB719 /* ArtistController.xib */; };
		70FCD0FF29A15C9000AEB719 /* MoreAlbumsController.swift in Sources */ = {isa = PBXBuildFile; fileRef = 70FCD0FD29A15C9000AEB719 /* MoreAlbumsController.swift */; };
		70FCD10029A15C9000AEB719 /* MoreAlbumsController.xib in Resources */ = {isa = PBXBuildFile; fileRef = 70FCD0FE29A15C9000AEB719 /* MoreAlbumsController.xib */; };
		B943A5D737383AB3D56FB54E /* Pods_music_app.framework in Frameworks */ = {isa = PBXBuildFile; fileRef = A11CBC5FC4473E644D603F16 /* Pods_music_app.framework */; };
/* End PBXBuildFile section */

/* Begin PBXFileReference section */
		52B939403168AE812FDE9025 /* Pods-music-app.debug.xcconfig */ = {isa = PBXFileReference; includeInIndex = 1; lastKnownFileType = text.xcconfig; name = "Pods-music-app.debug.xcconfig"; path = "Target Support Files/Pods-music-app/Pods-music-app.debug.xcconfig"; sourceTree = "<group>"; };
		69EC8EDD2D061E079E7C2AC5 /* Pods-music-app.release.xcconfig */ = {isa = PBXFileReference; includeInIndex = 1; lastKnownFileType = text.xcconfig; name = "Pods-music-app.release.xcconfig"; path = "Target Support Files/Pods-music-app/Pods-music-app.release.xcconfig"; sourceTree = "<group>"; };
		700713E929CA9EDE00D59BAA /* LaunchScreen.storyboard */ = {isa = PBXFileReference; lastKnownFileType = file.storyboard; path = LaunchScreen.storyboard; sourceTree = "<group>"; };
		7009ACD729A936D300D9B800 /* Double.swift */ = {isa = PBXFileReference; lastKnownFileType = sourcecode.swift; path = Double.swift; sourceTree = "<group>"; };
		7009ACD929A93C4E00D9B800 /* MPVolumeView.swift */ = {isa = PBXFileReference; lastKnownFileType = sourcecode.swift; path = MPVolumeView.swift; sourceTree = "<group>"; };
		7026489429A295B80092E111 /* ArtistInfoCell.swift */ = {isa = PBXFileReference; lastKnownFileType = sourcecode.swift; path = ArtistInfoCell.swift; sourceTree = "<group>"; };
		7026489529A295B80092E111 /* ArtistInfoCell.xib */ = {isa = PBXFileReference; lastKnownFileType = file.xib; path = ArtistInfoCell.xib; sourceTree = "<group>"; };
		7026489E29A29D3D0092E111 /* TopTrackLabelCell.swift */ = {isa = PBXFileReference; lastKnownFileType = sourcecode.swift; path = TopTrackLabelCell.swift; sourceTree = "<group>"; };
		7026489F29A29D3D0092E111 /* TopTrackLabelCell.xib */ = {isa = PBXFileReference; lastKnownFileType = file.xib; path = TopTrackLabelCell.xib; sourceTree = "<group>"; };
		703A482429C120780020E679 /* AudioPlayer.swift */ = {isa = PBXFileReference; lastKnownFileType = sourcecode.swift; path = AudioPlayer.swift; sourceTree = "<group>"; };
		703E24EB29A3F4DE00C6D957 /* TracksController.swift */ = {isa = PBXFileReference; lastKnownFileType = sourcecode.swift; path = TracksController.swift; sourceTree = "<group>"; };
		703E24ED29A3F4EB00C6D957 /* TracksController.xib */ = {isa = PBXFileReference; fileEncoding = 4; lastKnownFileType = file.xib; path = TracksController.xib; sourceTree = "<group>"; };
		7042E43F29A8C7770042B8C3 /* AudioPlayerDelegate.swift */ = {isa = PBXFileReference; lastKnownFileType = sourcecode.swift; path = AudioPlayerDelegate.swift; sourceTree = "<group>"; };
		7042E44129A8FC5F0042B8C3 /* NowPlayingController.swift */ = {isa = PBXFileReference; lastKnownFileType = sourcecode.swift; path = NowPlayingController.swift; sourceTree = "<group>"; };
		7042E44229A8FC5F0042B8C3 /* NowPlayingController.xib */ = {isa = PBXFileReference; lastKnownFileType = file.xib; path = NowPlayingController.xib; sourceTree = "<group>"; };
		70450FCA2990DBF1008E4C1C /* RealmManager.swift */ = {isa = PBXFileReference; lastKnownFileType = sourcecode.swift; path = RealmManager.swift; sourceTree = "<group>"; };
		70450FCD2990DC37008E4C1C /* LibraryTrack.swift */ = {isa = PBXFileReference; lastKnownFileType = sourcecode.swift; path = LibraryTrack.swift; sourceTree = "<group>"; };
		704635B829B89AA700A22C4D /* UITableView.swift */ = {isa = PBXFileReference; lastKnownFileType = sourcecode.swift; path = UITableView.swift; sourceTree = "<group>"; };
		704635BA29B89AF000A22C4D /* UICollectionView.swift */ = {isa = PBXFileReference; lastKnownFileType = sourcecode.swift; path = UICollectionView.swift; sourceTree = "<group>"; };
		704635BC29B89C6700A22C4D /* device-kit */ = {isa = PBXFileReference; lastKnownFileType = wrapper; path = "device-kit"; sourceTree = "<group>"; };
		704635BD29B89C7100A22C4D /* Package.swift */ = {isa = PBXFileReference; lastKnownFileType = sourcecode.swift; name = Package.swift; path = "device-kit/Package.swift"; sourceTree = "<group>"; };
		704635E129B8A4F700A22C4D /* SettingsController.swift */ = {isa = PBXFileReference; lastKnownFileType = sourcecode.swift; path = SettingsController.swift; sourceTree = "<group>"; };
		704635E229B8A4F700A22C4D /* SettingsController.xib */ = {isa = PBXFileReference; lastKnownFileType = file.xib; path = SettingsController.xib; sourceTree = "<group>"; };
		704635E629B8A71D00A22C4D /* SettingsManager.swift */ = {isa = PBXFileReference; lastKnownFileType = sourcecode.swift; path = SettingsManager.swift; sourceTree = "<group>"; };
		704635E929B8A83800A22C4D /* ColorSettingsCell.swift */ = {isa = PBXFileReference; lastKnownFileType = sourcecode.swift; path = ColorSettingsCell.swift; sourceTree = "<group>"; };
		704635EA29B8A83800A22C4D /* ColorSettingsCell.xib */ = {isa = PBXFileReference; lastKnownFileType = file.xib; path = ColorSettingsCell.xib; sourceTree = "<group>"; };
		704CD2A8299CE51600FFEBBA /* LibraryPlaylist.swift */ = {isa = PBXFileReference; lastKnownFileType = sourcecode.swift; path = LibraryPlaylist.swift; sourceTree = "<group>"; };
		704CD2AA299CE71200FFEBBA /* LibraryPlaylistsController.swift */ = {isa = PBXFileReference; lastKnownFileType = sourcecode.swift; path = LibraryPlaylistsController.swift; sourceTree = "<group>"; };
		704CD2AB299CE71200FFEBBA /* LibraryPlaylistsController.xib */ = {isa = PBXFileReference; lastKnownFileType = file.xib; path = LibraryPlaylistsController.xib; sourceTree = "<group>"; };
		704CD2AF299CE80500FFEBBA /* AddPlaylistController.swift */ = {isa = PBXFileReference; lastKnownFileType = sourcecode.swift; path = AddPlaylistController.swift; sourceTree = "<group>"; };
		704CD2B0299CE80500FFEBBA /* AddPlaylistController.xib */ = {isa = PBXFileReference; lastKnownFileType = file.xib; path = AddPlaylistController.xib; sourceTree = "<group>"; };
		704CD2B4299CEA1600FFEBBA /* LibraryTrackInPlaylist.swift */ = {isa = PBXFileReference; lastKnownFileType = sourcecode.swift; path = LibraryTrackInPlaylist.swift; sourceTree = "<group>"; };
		704CD2B6299CEE5600FFEBBA /* LibraryPlaylistCell.swift */ = {isa = PBXFileReference; lastKnownFileType = sourcecode.swift; path = LibraryPlaylistCell.swift; sourceTree = "<group>"; };
		704CD2B7299CEE5600FFEBBA /* LibraryPlaylistCell.xib */ = {isa = PBXFileReference; lastKnownFileType = file.xib; path = LibraryPlaylistCell.xib; sourceTree = "<group>"; };
		7057BDB029B5285A00C8DE17 /* LibraryDataManager.swift */ = {isa = PBXFileReference; lastKnownFileType = sourcecode.swift; path = LibraryDataManager.swift; sourceTree = "<group>"; };
		7057BDB229B52B1A00C8DE17 /* Bool.swift */ = {isa = PBXFileReference; lastKnownFileType = sourcecode.swift; path = Bool.swift; sourceTree = "<group>"; };
		705BDE7B29BA9F2C006E2E0E /* YandexMusicTrackModel.swift */ = {isa = PBXFileReference; lastKnownFileType = sourcecode.swift; path = YandexMusicTrackModel.swift; sourceTree = "<group>"; };
		705BDE7E29BA9FC8006E2E0E /* YandexMusicAPI.swift */ = {isa = PBXFileReference; lastKnownFileType = sourcecode.swift; path = YandexMusicAPI.swift; sourceTree = "<group>"; };
		705BDE8029BAA069006E2E0E /* YandexMusicProvider.swift */ = {isa = PBXFileReference; lastKnownFileType = sourcecode.swift; path = YandexMusicProvider.swift; sourceTree = "<group>"; };
		7068031D299F7A9700536187 /* en */ = {isa = PBXFileReference; lastKnownFileType = text.plist.strings; name = en; path = en.lproj/Localizable.strings; sourceTree = "<group>"; };
		7068031F299F7A9B00536187 /* ru */ = {isa = PBXFileReference; lastKnownFileType = text.plist.strings; name = ru; path = ru.lproj/Localizable.strings; sourceTree = "<group>"; };
		70680320299F7BC100536187 /* SearchBarEnum.swift */ = {isa = PBXFileReference; lastKnownFileType = sourcecode.swift; path = SearchBarEnum.swift; sourceTree = "<group>"; };
		70680324299F7DD200536187 /* Bundle.swift */ = {isa = PBXFileReference; lastKnownFileType = sourcecode.swift; path = Bundle.swift; sourceTree = "<group>"; };
		70680326299F7E2A00536187 /* Localization.swift */ = {isa = PBXFileReference; lastKnownFileType = sourcecode.swift; path = Localization.swift; sourceTree = "<group>"; };
		70680328299F804000536187 /* uk */ = {isa = PBXFileReference; lastKnownFileType = text.plist.strings; name = uk; path = uk.lproj/Localizable.strings; sourceTree = "<group>"; };
		70680329299F817B00536187 /* es */ = {isa = PBXFileReference; lastKnownFileType = text.plist.strings; name = es; path = es.lproj/Localizable.strings; sourceTree = "<group>"; };
		7068032A299F818600536187 /* be */ = {isa = PBXFileReference; lastKnownFileType = text.plist.strings; name = be; path = be.lproj/Localizable.strings; sourceTree = "<group>"; };
		70826A7029B1ECDD00A7FF73 /* ActionsManager.swift */ = {isa = PBXFileReference; lastKnownFileType = sourcecode.swift; path = ActionsManager.swift; sourceTree = "<group>"; };
		708BE8CB29B5CE3900819935 /* AddToPlaylistController.swift */ = {isa = PBXFileReference; lastKnownFileType = sourcecode.swift; path = AddToPlaylistController.swift; sourceTree = "<group>"; };
		708BE8CC29B5CE3900819935 /* AddToPlaylistController.xib */ = {isa = PBXFileReference; lastKnownFileType = file.xib; path = AddToPlaylistController.xib; sourceTree = "<group>"; };
		708BE8CF29B5CEE400819935 /* PlaylistCell.swift */ = {isa = PBXFileReference; lastKnownFileType = sourcecode.swift; path = PlaylistCell.swift; sourceTree = "<group>"; };
		708BE8D029B5CEE400819935 /* PlaylistCell.xib */ = {isa = PBXFileReference; lastKnownFileType = file.xib; path = PlaylistCell.xib; sourceTree = "<group>"; };
		708BE8D429B60A7E00819935 /* ImageManager.swift */ = {isa = PBXFileReference; lastKnownFileType = sourcecode.swift; path = ImageManager.swift; sourceTree = "<group>"; };
		708BE8D629B61AF800819935 /* PlaylistController.swift */ = {isa = PBXFileReference; lastKnownFileType = sourcecode.swift; path = PlaylistController.swift; sourceTree = "<group>"; };
		708BE8D729B61AF800819935 /* PlaylistController.xib */ = {isa = PBXFileReference; lastKnownFileType = file.xib; path = PlaylistController.xib; sourceTree = "<group>"; };
		708BE8DB29B61CE900819935 /* TrackInPlaylistCell.swift */ = {isa = PBXFileReference; lastKnownFileType = sourcecode.swift; path = TrackInPlaylistCell.swift; sourceTree = "<group>"; };
		708BE8DC29B61CE900819935 /* TrackInPlaylistCell.xib */ = {isa = PBXFileReference; lastKnownFileType = file.xib; path = TrackInPlaylistCell.xib; sourceTree = "<group>"; };
		708BE8E129B63A0300819935 /* PlaylistInfoCell.swift */ = {isa = PBXFileReference; lastKnownFileType = sourcecode.swift; path = PlaylistInfoCell.swift; sourceTree = "<group>"; };
		708BE8E229B63A0300819935 /* PlaylistInfoCell.xib */ = {isa = PBXFileReference; lastKnownFileType = file.xib; path = PlaylistInfoCell.xib; sourceTree = "<group>"; };
		708BE8E629B63FCE00819935 /* TextPlaylistInfoCell.swift */ = {isa = PBXFileReference; lastKnownFileType = sourcecode.swift; path = TextPlaylistInfoCell.swift; sourceTree = "<group>"; };
		708BE8E729B63FCE00819935 /* TextPlaylistInfoCell.xib */ = {isa = PBXFileReference; lastKnownFileType = file.xib; path = TextPlaylistInfoCell.xib; sourceTree = "<group>"; };
		709BA3EF299A200500B4AD38 /* LibraryAlbumCell.swift */ = {isa = PBXFileReference; lastKnownFileType = sourcecode.swift; path = LibraryAlbumCell.swift; sourceTree = "<group>"; };
		709BA3F0299A200500B4AD38 /* LibraryAlbumCell.xib */ = {isa = PBXFileReference; lastKnownFileType = file.xib; path = LibraryAlbumCell.xib; sourceTree = "<group>"; };
		709BA3F5299A46E200B4AD38 /* String.swift */ = {isa = PBXFileReference; lastKnownFileType = sourcecode.swift; path = String.swift; sourceTree = "<group>"; };
		709BA3F8299ACE2100B4AD38 /* LibraryArtistsController.swift */ = {isa = PBXFileReference; lastKnownFileType = sourcecode.swift; path = LibraryArtistsController.swift; sourceTree = "<group>"; };
		709BA3F9299ACE2100B4AD38 /* LibraryArtistsController.xib */ = {isa = PBXFileReference; lastKnownFileType = file.xib; path = LibraryArtistsController.xib; sourceTree = "<group>"; };
		709BA3FD299AD1FF00B4AD38 /* LibraryArtistCell.swift */ = {isa = PBXFileReference; lastKnownFileType = sourcecode.swift; path = LibraryArtistCell.swift; sourceTree = "<group>"; };
		709BA3FE299AD1FF00B4AD38 /* LibraryArtistCell.xib */ = {isa = PBXFileReference; lastKnownFileType = file.xib; path = LibraryArtistCell.xib; sourceTree = "<group>"; };
		70B028332993F0DA00BB9E01 /* SongLinkProvider.swift */ = {isa = PBXFileReference; fileEncoding = 4; lastKnownFileType = sourcecode.swift; path = SongLinkProvider.swift; sourceTree = "<group>"; };
		70B028342993F0DA00BB9E01 /* SongLinkAPI.swift */ = {isa = PBXFileReference; fileEncoding = 4; lastKnownFileType = sourcecode.swift; path = SongLinkAPI.swift; sourceTree = "<group>"; };
		70BAA3E92995103F008E6BE4 /* LibraryAlbumsController.swift */ = {isa = PBXFileReference; lastKnownFileType = sourcecode.swift; path = LibraryAlbumsController.swift; sourceTree = "<group>"; };
		70BAA3EA2995103F008E6BE4 /* LibraryAlbumsController.xib */ = {isa = PBXFileReference; lastKnownFileType = file.xib; path = LibraryAlbumsController.xib; sourceTree = "<group>"; };
		70C4124B29AA27DE0039AFE1 /* NowPlayingView.swift */ = {isa = PBXFileReference; lastKnownFileType = sourcecode.swift; path = NowPlayingView.swift; sourceTree = "<group>"; };
		70C4124D29AA27E40039AFE1 /* NowPlayingView.xib */ = {isa = PBXFileReference; lastKnownFileType = file.xib; path = NowPlayingView.xib; sourceTree = "<group>"; };
		70C8B9FD29BA53AE0016696A /* LinkModel.swift */ = {isa = PBXFileReference; lastKnownFileType = sourcecode.swift; path = LinkModel.swift; sourceTree = "<group>"; };
		70C8BA0029BA57030016696A /* SpotifyAPI.swift */ = {isa = PBXFileReference; lastKnownFileType = sourcecode.swift; path = SpotifyAPI.swift; sourceTree = "<group>"; };
		70C8BA0229BA570A0016696A /* SpotifyProvider.swift */ = {isa = PBXFileReference; lastKnownFileType = sourcecode.swift; path = SpotifyProvider.swift; sourceTree = "<group>"; };
		70C8BA0529BA57160016696A /* CanvasModel.swift */ = {isa = PBXFileReference; lastKnownFileType = sourcecode.swift; path = CanvasModel.swift; sourceTree = "<group>"; };
		70C8BA0729BA584A0016696A /* VideoPlayer.swift */ = {isa = PBXFileReference; lastKnownFileType = sourcecode.swift; path = VideoPlayer.swift; sourceTree = "<group>"; };
		70C8BA0929BA58E50016696A /* VideoPlayerDelegate.swift */ = {isa = PBXFileReference; lastKnownFileType = sourcecode.swift; path = VideoPlayerDelegate.swift; sourceTree = "<group>"; };
		70D1A8AC2993F3C3003B3478 /* LibrarySongsController.swift */ = {isa = PBXFileReference; lastKnownFileType = sourcecode.swift; path = LibrarySongsController.swift; sourceTree = "<group>"; };
		70D1A8AD2993F3C3003B3478 /* LibrarySongsController.xib */ = {isa = PBXFileReference; lastKnownFileType = file.xib; path = LibrarySongsController.xib; sourceTree = "<group>"; };
		70D1A8B32993F8B5003B3478 /* LibraryTrackCell.swift */ = {isa = PBXFileReference; lastKnownFileType = sourcecode.swift; path = LibraryTrackCell.swift; sourceTree = "<group>"; };
		70D1A8B42993F8B5003B3478 /* LibraryTrackCell.xib */ = {isa = PBXFileReference; lastKnownFileType = file.xib; path = LibraryTrackCell.xib; sourceTree = "<group>"; };
		70D1A8B82993FC77003B3478 /* MenuActionsDelegate.swift */ = {isa = PBXFileReference; lastKnownFileType = sourcecode.swift; path = MenuActionsDelegate.swift; sourceTree = "<group>"; };
		70E63CF0298EDD7F003D6CBF /* DeezerAPI.swift */ = {isa = PBXFileReference; lastKnownFileType = sourcecode.swift; path = DeezerAPI.swift; sourceTree = "<group>"; };
		70E63CF2298EDD9C003D6CBF /* DeezerProvider.swift */ = {isa = PBXFileReference; lastKnownFileType = sourcecode.swift; path = DeezerProvider.swift; sourceTree = "<group>"; };
		70E63CF4298EDDBD003D6CBF /* DeezerType.swift */ = {isa = PBXFileReference; lastKnownFileType = sourcecode.swift; path = DeezerType.swift; sourceTree = "<group>"; };
		70E63CF6298EDDCD003D6CBF /* DeezerAlbum.swift */ = {isa = PBXFileReference; lastKnownFileType = sourcecode.swift; path = DeezerAlbum.swift; sourceTree = "<group>"; };
		70E63CF8298EDDD7003D6CBF /* DeezerArtist.swift */ = {isa = PBXFileReference; lastKnownFileType = sourcecode.swift; path = DeezerArtist.swift; sourceTree = "<group>"; };
		70E63CFA298EDDF3003D6CBF /* DeezerData.swift */ = {isa = PBXFileReference; lastKnownFileType = sourcecode.swift; path = DeezerData.swift; sourceTree = "<group>"; };
		70E63CFC298EDDFF003D6CBF /* DeezerGenre.swift */ = {isa = PBXFileReference; lastKnownFileType = sourcecode.swift; path = DeezerGenre.swift; sourceTree = "<group>"; };
		70E63CFE298EDE0C003D6CBF /* DeezerTrack.swift */ = {isa = PBXFileReference; lastKnownFileType = sourcecode.swift; path = DeezerTrack.swift; sourceTree = "<group>"; };
		70E63D04298EDE7E003D6CBF /* TabBarController.swift */ = {isa = PBXFileReference; lastKnownFileType = sourcecode.swift; path = TabBarController.swift; sourceTree = "<group>"; };
		70E63D07298EDFAA003D6CBF /* LibraryController.swift */ = {isa = PBXFileReference; lastKnownFileType = sourcecode.swift; path = LibraryController.swift; sourceTree = "<group>"; };
		70E63D08298EDFAA003D6CBF /* LibraryController.xib */ = {isa = PBXFileReference; lastKnownFileType = file.xib; path = LibraryController.xib; sourceTree = "<group>"; };
		70E63D0B298EDFB4003D6CBF /* SearchController.swift */ = {isa = PBXFileReference; lastKnownFileType = sourcecode.swift; path = SearchController.swift; sourceTree = "<group>"; };
		70E63D0C298EDFB4003D6CBF /* SearchController.xib */ = {isa = PBXFileReference; lastKnownFileType = file.xib; path = SearchController.xib; sourceTree = "<group>"; };
		70E63D14298EE398003D6CBF /* LibraryCell.swift */ = {isa = PBXFileReference; lastKnownFileType = sourcecode.swift; path = LibraryCell.swift; sourceTree = "<group>"; };
		70E63D15298EE398003D6CBF /* LibraryCell.xib */ = {isa = PBXFileReference; lastKnownFileType = file.xib; path = LibraryCell.xib; sourceTree = "<group>"; };
		70E63D192990C922003D6CBF /* LibraryEnum.swift */ = {isa = PBXFileReference; lastKnownFileType = sourcecode.swift; path = LibraryEnum.swift; sourceTree = "<group>"; };
		70E63D222990D3C4003D6CBF /* RecentlyAddedCell.swift */ = {isa = PBXFileReference; lastKnownFileType = sourcecode.swift; path = RecentlyAddedCell.swift; sourceTree = "<group>"; };
		70E63D232990D3C4003D6CBF /* RecentlyAddedCell.xib */ = {isa = PBXFileReference; lastKnownFileType = file.xib; path = RecentlyAddedCell.xib; sourceTree = "<group>"; };
		70E71A0C29930634004E6309 /* SongCell.swift */ = {isa = PBXFileReference; lastKnownFileType = sourcecode.swift; path = SongCell.swift; sourceTree = "<group>"; };
		70E71A0D29930634004E6309 /* SongCell.xib */ = {isa = PBXFileReference; lastKnownFileType = file.xib; path = SongCell.xib; sourceTree = "<group>"; };
		70E92EFA2993DF370087E16A /* LibraryManager.swift */ = {isa = PBXFileReference; lastKnownFileType = sourcecode.swift; path = LibraryManager.swift; sourceTree = "<group>"; };
		70E92EFC2993E0550087E16A /* MenuActionsEnum.swift */ = {isa = PBXFileReference; lastKnownFileType = sourcecode.swift; path = MenuActionsEnum.swift; sourceTree = "<group>"; };
		70F8AF42298EDC4A0002D1D0 /* music-app.app */ = {isa = PBXFileReference; explicitFileType = wrapper.application; includeInIndex = 0; path = "music-app.app"; sourceTree = BUILT_PRODUCTS_DIR; };
		70F8AF45298EDC4A0002D1D0 /* AppDelegate.swift */ = {isa = PBXFileReference; lastKnownFileType = sourcecode.swift; path = AppDelegate.swift; sourceTree = "<group>"; };
		70F8AF47298EDC4A0002D1D0 /* SceneDelegate.swift */ = {isa = PBXFileReference; lastKnownFileType = sourcecode.swift; path = SceneDelegate.swift; sourceTree = "<group>"; };
		70F8AF4C298EDC4A0002D1D0 /* Base */ = {isa = PBXFileReference; lastKnownFileType = file.storyboard; name = Base; path = Base.lproj/Main.storyboard; sourceTree = "<group>"; };
		70F8AF4E298EDC4B0002D1D0 /* Assets.xcassets */ = {isa = PBXFileReference; lastKnownFileType = folder.assetcatalog; path = Assets.xcassets; sourceTree = "<group>"; };
		70F8AF53298EDC4B0002D1D0 /* Info.plist */ = {isa = PBXFileReference; lastKnownFileType = text.plist.xml; path = Info.plist; sourceTree = "<group>"; };
		70FCD0D829A0FB4000AEB719 /* AlbumController.swift */ = {isa = PBXFileReference; lastKnownFileType = sourcecode.swift; path = AlbumController.swift; sourceTree = "<group>"; };
		70FCD0D929A0FB4000AEB719 /* AlbumController.xib */ = {isa = PBXFileReference; lastKnownFileType = file.xib; path = AlbumController.xib; sourceTree = "<group>"; };
		70FCD0DD29A0FB7900AEB719 /* AlbumInfoCell.swift */ = {isa = PBXFileReference; lastKnownFileType = sourcecode.swift; path = AlbumInfoCell.swift; sourceTree = "<group>"; };
		70FCD0DE29A0FB7900AEB719 /* AlbumInfoCell.xib */ = {isa = PBXFileReference; lastKnownFileType = file.xib; path = AlbumInfoCell.xib; sourceTree = "<group>"; };
		70FCD0E229A1082500AEB719 /* AlbumTrackCell.swift */ = {isa = PBXFileReference; lastKnownFileType = sourcecode.swift; path = AlbumTrackCell.swift; sourceTree = "<group>"; };
		70FCD0E329A1082500AEB719 /* AlbumTrackCell.xib */ = {isa = PBXFileReference; lastKnownFileType = file.xib; path = AlbumTrackCell.xib; sourceTree = "<group>"; };
		70FCD0E729A1103400AEB719 /* TextAlbumInfoCell.swift */ = {isa = PBXFileReference; lastKnownFileType = sourcecode.swift; path = TextAlbumInfoCell.swift; sourceTree = "<group>"; };
		70FCD0E829A1103400AEB719 /* TextAlbumInfoCell.xib */ = {isa = PBXFileReference; lastKnownFileType = file.xib; path = TextAlbumInfoCell.xib; sourceTree = "<group>"; };
		70FCD0EB29A111A700AEB719 /* Int.swift */ = {isa = PBXFileReference; lastKnownFileType = sourcecode.swift; path = Int.swift; sourceTree = "<group>"; };
		70FCD0EE29A12A8A00AEB719 /* MoreAlbumsByArtistCell.swift */ = {isa = PBXFileReference; lastKnownFileType = sourcecode.swift; path = MoreAlbumsByArtistCell.swift; sourceTree = "<group>"; };
		70FCD0EF29A12A8A00AEB719 /* MoreAlbumsByArtistCell.xib */ = {isa = PBXFileReference; lastKnownFileType = file.xib; path = MoreAlbumsByArtistCell.xib; sourceTree = "<group>"; };
		70FCD0F329A13A4D00AEB719 /* ViewControllerDelegate.swift */ = {isa = PBXFileReference; lastKnownFileType = sourcecode.swift; path = ViewControllerDelegate.swift; sourceTree = "<group>"; };
		70FCD0F529A15B5400AEB719 /* ArtistController.swift */ = {isa = PBXFileReference; lastKnownFileType = sourcecode.swift; path = ArtistController.swift; sourceTree = "<group>"; };
		70FCD0F629A15B5400AEB719 /* ArtistController.xib */ = {isa = PBXFileReference; lastKnownFileType = file.xib; path = ArtistController.xib; sourceTree = "<group>"; };
		70FCD0FD29A15C9000AEB719 /* MoreAlbumsController.swift */ = {isa = PBXFileReference; lastKnownFileType = sourcecode.swift; path = MoreAlbumsController.swift; sourceTree = "<group>"; };
		70FCD0FE29A15C9000AEB719 /* MoreAlbumsController.xib */ = {isa = PBXFileReference; lastKnownFileType = file.xib; path = MoreAlbumsController.xib; sourceTree = "<group>"; };
		A11CBC5FC4473E644D603F16 /* Pods_music_app.framework */ = {isa = PBXFileReference; explicitFileType = wrapper.framework; includeInIndex = 0; path = Pods_music_app.framework; sourceTree = BUILT_PRODUCTS_DIR; };
/* End PBXFileReference section */

/* Begin PBXFrameworksBuildPhase section */
		70F8AF3F298EDC4A0002D1D0 /* Frameworks */ = {
			isa = PBXFrameworksBuildPhase;
			buildActionMask = 2147483647;
			files = (
				B943A5D737383AB3D56FB54E /* Pods_music_app.framework in Frameworks */,
			);
			runOnlyForDeploymentPostprocessing = 0;
		};
/* End PBXFrameworksBuildPhase section */

/* Begin PBXGroup section */
		700D5B9729A3F4C1008CB80E /* TracksController */ = {
			isa = PBXGroup;
			children = (
				703E24ED29A3F4EB00C6D957 /* TracksController.xib */,
				703E24EB29A3F4DE00C6D957 /* TracksController.swift */,
			);
			path = TracksController;
			sourceTree = "<group>";
		};
		7026489329A2959D0092E111 /* ArtistSection */ = {
			isa = PBXGroup;
			children = (
				7026489829A295BB0092E111 /* ArtistInfoCell */,
				702648A229A29D400092E111 /* TopTrackLabelCell */,
			);
			path = ArtistSection;
			sourceTree = "<group>";
		};
		7026489829A295BB0092E111 /* ArtistInfoCell */ = {
			isa = PBXGroup;
			children = (
				7026489429A295B80092E111 /* ArtistInfoCell.swift */,
				7026489529A295B80092E111 /* ArtistInfoCell.xib */,
			);
			path = ArtistInfoCell;
			sourceTree = "<group>";
		};
		702648A229A29D400092E111 /* TopTrackLabelCell */ = {
			isa = PBXGroup;
			children = (
				7026489E29A29D3D0092E111 /* TopTrackLabelCell.swift */,
				7026489F29A29D3D0092E111 /* TopTrackLabelCell.xib */,
			);
			path = TopTrackLabelCell;
			sourceTree = "<group>";
		};
		7042E44529A8FC630042B8C3 /* NowPlayingController */ = {
			isa = PBXGroup;
			children = (
				7042E44129A8FC5F0042B8C3 /* NowPlayingController.swift */,
				7042E44229A8FC5F0042B8C3 /* NowPlayingController.xib */,
			);
			path = NowPlayingController;
			sourceTree = "<group>";
		};
		70450FC92990DBEA008E4C1C /* Realm */ = {
			isa = PBXGroup;
			children = (
				70450FCC2990DC27008E4C1C /* Models */,
				70450FCA2990DBF1008E4C1C /* RealmManager.swift */,
			);
			path = Realm;
			sourceTree = "<group>";
		};
		70450FCC2990DC27008E4C1C /* Models */ = {
			isa = PBXGroup;
			children = (
				70450FCD2990DC37008E4C1C /* LibraryTrack.swift */,
				704CD2A8299CE51600FFEBBA /* LibraryPlaylist.swift */,
				704CD2B4299CEA1600FFEBBA /* LibraryTrackInPlaylist.swift */,
			);
			path = Models;
			sourceTree = "<group>";
		};
		704635E529B8A4FA00A22C4D /* SettingsController */ = {
			isa = PBXGroup;
			children = (
				704635E129B8A4F700A22C4D /* SettingsController.swift */,
				704635E229B8A4F700A22C4D /* SettingsController.xib */,
			);
			path = SettingsController;
			sourceTree = "<group>";
		};
		704635E829B8A82400A22C4D /* SettingsSection */ = {
			isa = PBXGroup;
			children = (
				704635E929B8A83800A22C4D /* ColorSettingsCell.swift */,
				704635EA29B8A83800A22C4D /* ColorSettingsCell.xib */,
			);
			path = SettingsSection;
			sourceTree = "<group>";
		};
		704CD2AE299CE71500FFEBBA /* LibraryPlaylistsController */ = {
			isa = PBXGroup;
			children = (
				704CD2AA299CE71200FFEBBA /* LibraryPlaylistsController.swift */,
				704CD2AB299CE71200FFEBBA /* LibraryPlaylistsController.xib */,
			);
			path = LibraryPlaylistsController;
			sourceTree = "<group>";
		};
		704CD2B3299CE80800FFEBBA /* AddPlaylistController */ = {
			isa = PBXGroup;
			children = (
				704CD2AF299CE80500FFEBBA /* AddPlaylistController.swift */,
				704CD2B0299CE80500FFEBBA /* AddPlaylistController.xib */,
			);
			path = AddPlaylistController;
			sourceTree = "<group>";
		};
		704D133329CA837E00297A20 /* Players */ = {
			isa = PBXGroup;
			children = (
				70C8BA0729BA584A0016696A /* VideoPlayer.swift */,
				703A482429C120780020E679 /* AudioPlayer.swift */,
			);
			path = Players;
			sourceTree = "<group>";
		};
		7057B277299D30BC0069558B /* LibraryPlaylistCell */ = {
			isa = PBXGroup;
			children = (
				704CD2B6299CEE5600FFEBBA /* LibraryPlaylistCell.swift */,
				704CD2B7299CEE5600FFEBBA /* LibraryPlaylistCell.xib */,
			);
			path = LibraryPlaylistCell;
			sourceTree = "<group>";
		};
		705BDE7A29BA9F1C006E2E0E /* Yandex */ = {
			isa = PBXGroup;
			children = (
				705BDE7D29BA9FB9006E2E0E /* Models */,
				705BDE7E29BA9FC8006E2E0E /* YandexMusicAPI.swift */,
				705BDE8029BAA069006E2E0E /* YandexMusicProvider.swift */,
			);
			path = Yandex;
			sourceTree = "<group>";
		};
		705BDE7D29BA9FB9006E2E0E /* Models */ = {
			isa = PBXGroup;
			children = (
				705BDE7B29BA9F2C006E2E0E /* YandexMusicTrackModel.swift */,
			);
			path = Models;
			sourceTree = "<group>";
		};
		7068032C299F8AEB00536187 /* Localization */ = {
			isa = PBXGroup;
			children = (
				70680326299F7E2A00536187 /* Localization.swift */,
				7068031E299F7A9700536187 /* Localizable.strings */,
			);
			path = Localization;
			sourceTree = "<group>";
		};
		708BE8CA29B5CE2800819935 /* AddToPlaylistController */ = {
			isa = PBXGroup;
			children = (
				708BE8CB29B5CE3900819935 /* AddToPlaylistController.swift */,
				708BE8CC29B5CE3900819935 /* AddToPlaylistController.xib */,
			);
			path = AddToPlaylistController;
			sourceTree = "<group>";
		};
		708BE8D329B5CEE800819935 /* PlaylistCell */ = {
			isa = PBXGroup;
			children = (
				708BE8CF29B5CEE400819935 /* PlaylistCell.swift */,
				708BE8D029B5CEE400819935 /* PlaylistCell.xib */,
			);
			path = PlaylistCell;
			sourceTree = "<group>";
		};
		708BE8DA29B61AFB00819935 /* PlaylistController */ = {
			isa = PBXGroup;
			children = (
				708BE8D629B61AF800819935 /* PlaylistController.swift */,
				708BE8D729B61AF800819935 /* PlaylistController.xib */,
			);
			path = PlaylistController;
			sourceTree = "<group>";
		};
		708BE8DF29B61CEC00819935 /* TrackInPlaylistCell */ = {
			isa = PBXGroup;
			children = (
				708BE8DB29B61CE900819935 /* TrackInPlaylistCell.swift */,
				708BE8DC29B61CE900819935 /* TrackInPlaylistCell.xib */,
			);
			path = TrackInPlaylistCell;
			sourceTree = "<group>";
		};
		708BE8E029B639EE00819935 /* PlaylistSection */ = {
			isa = PBXGroup;
			children = (
				708BE8DF29B61CEC00819935 /* TrackInPlaylistCell */,
				708BE8E529B63A0600819935 /* PlaylistInfoCell */,
				708BE8EA29B63FD100819935 /* TextPlaylistInfoCell */,
			);
			path = PlaylistSection;
			sourceTree = "<group>";
		};
		708BE8E529B63A0600819935 /* PlaylistInfoCell */ = {
			isa = PBXGroup;
			children = (
				708BE8E129B63A0300819935 /* PlaylistInfoCell.swift */,
				708BE8E229B63A0300819935 /* PlaylistInfoCell.xib */,
			);
			path = PlaylistInfoCell;
			sourceTree = "<group>";
		};
		708BE8EA29B63FD100819935 /* TextPlaylistInfoCell */ = {
			isa = PBXGroup;
			children = (
				708BE8E629B63FCE00819935 /* TextPlaylistInfoCell.swift */,
				708BE8E729B63FCE00819935 /* TextPlaylistInfoCell.xib */,
			);
			path = TextPlaylistInfoCell;
			sourceTree = "<group>";
		};
		709BA3F3299A200800B4AD38 /* LibraryAlbumCell */ = {
			isa = PBXGroup;
			children = (
				709BA3EF299A200500B4AD38 /* LibraryAlbumCell.swift */,
				709BA3F0299A200500B4AD38 /* LibraryAlbumCell.xib */,
			);
			path = LibraryAlbumCell;
			sourceTree = "<group>";
		};
		709BA3F4299A200F00B4AD38 /* LibrarySection */ = {
			isa = PBXGroup;
			children = (
				70D1A8B22993F898003B3478 /* LibraryTrackCell */,
				709BA3F3299A200800B4AD38 /* LibraryAlbumCell */,
				709BA401299AD20200B4AD38 /* LibraryArtistCell */,
				7057B277299D30BC0069558B /* LibraryPlaylistCell */,
			);
			path = LibrarySection;
			sourceTree = "<group>";
		};
		709BA3F7299A46E600B4AD38 /* Extensions */ = {
			isa = PBXGroup;
			children = (
				709BA3F5299A46E200B4AD38 /* String.swift */,
				70680324299F7DD200536187 /* Bundle.swift */,
				70FCD0EB29A111A700AEB719 /* Int.swift */,
				7009ACD729A936D300D9B800 /* Double.swift */,
				7009ACD929A93C4E00D9B800 /* MPVolumeView.swift */,
				7057BDB229B52B1A00C8DE17 /* Bool.swift */,
				704635B829B89AA700A22C4D /* UITableView.swift */,
				704635BA29B89AF000A22C4D /* UICollectionView.swift */,
			);
			path = Extensions;
			sourceTree = "<group>";
		};
		709BA3FC299ACE2500B4AD38 /* LibraryArtistsController */ = {
			isa = PBXGroup;
			children = (
				709BA3F8299ACE2100B4AD38 /* LibraryArtistsController.swift */,
				709BA3F9299ACE2100B4AD38 /* LibraryArtistsController.xib */,
			);
			path = LibraryArtistsController;
			sourceTree = "<group>";
		};
		709BA401299AD20200B4AD38 /* LibraryArtistCell */ = {
			isa = PBXGroup;
			children = (
				709BA3FD299AD1FF00B4AD38 /* LibraryArtistCell.swift */,
				709BA3FE299AD1FF00B4AD38 /* LibraryArtistCell.xib */,
			);
			path = LibraryArtistCell;
			sourceTree = "<group>";
		};
		70BAA3ED29951042008E6BE4 /* LibraryAlbumsController */ = {
			isa = PBXGroup;
			children = (
				70BAA3E92995103F008E6BE4 /* LibraryAlbumsController.swift */,
				70BAA3EA2995103F008E6BE4 /* LibraryAlbumsController.xib */,
			);
			path = LibraryAlbumsController;
			sourceTree = "<group>";
		};
		70C4124A29AA27D00039AFE1 /* Views */ = {
			isa = PBXGroup;
			children = (
				70C4124F29AA27F20039AFE1 /* NowPlayingView */,
			);
			path = Views;
			sourceTree = "<group>";
		};
		70C4124F29AA27F20039AFE1 /* NowPlayingView */ = {
			isa = PBXGroup;
			children = (
				70C4124B29AA27DE0039AFE1 /* NowPlayingView.swift */,
				70C4124D29AA27E40039AFE1 /* NowPlayingView.xib */,
			);
			path = NowPlayingView;
			sourceTree = "<group>";
		};
		70C8B9FA29BA53930016696A /* Models */ = {
			isa = PBXGroup;
			children = (
				70C8B9FD29BA53AE0016696A /* LinkModel.swift */,
			);
			path = Models;
			sourceTree = "<group>";
		};
		70C8B9FF29BA56FC0016696A /* Spotify */ = {
			isa = PBXGroup;
			children = (
				70C8BA0429BA570E0016696A /* Models */,
				70C8BA0029BA57030016696A /* SpotifyAPI.swift */,
				70C8BA0229BA570A0016696A /* SpotifyProvider.swift */,
			);
			path = Spotify;
			sourceTree = "<group>";
		};
		70C8BA0429BA570E0016696A /* Models */ = {
			isa = PBXGroup;
			children = (
				70C8BA0529BA57160016696A /* CanvasModel.swift */,
			);
			path = Models;
			sourceTree = "<group>";
		};
		70D1A8AB2993F32A003B3478 /* LibrarySection */ = {
			isa = PBXGroup;
			children = (
				70D1A8B02993F3C6003B3478 /* LibrarySongsController */,
				70BAA3ED29951042008E6BE4 /* LibraryAlbumsController */,
				709BA3FC299ACE2500B4AD38 /* LibraryArtistsController */,
				704CD2AE299CE71500FFEBBA /* LibraryPlaylistsController */,
			);
			path = LibrarySection;
			sourceTree = "<group>";
		};
		70D1A8B02993F3C6003B3478 /* LibrarySongsController */ = {
			isa = PBXGroup;
			children = (
				70D1A8AC2993F3C3003B3478 /* LibrarySongsController.swift */,
				70D1A8AD2993F3C3003B3478 /* LibrarySongsController.xib */,
			);
			path = LibrarySongsController;
			sourceTree = "<group>";
		};
		70D1A8B12993F3FA003B3478 /* Managers */ = {
			isa = PBXGroup;
			children = (
				70E92EFA2993DF370087E16A /* LibraryManager.swift */,
				70826A7029B1ECDD00A7FF73 /* ActionsManager.swift */,
				7057BDB029B5285A00C8DE17 /* LibraryDataManager.swift */,
				708BE8D429B60A7E00819935 /* ImageManager.swift */,
				704635E629B8A71D00A22C4D /* SettingsManager.swift */,
			);
			path = Managers;
			sourceTree = "<group>";
		};
		70D1A8B22993F898003B3478 /* LibraryTrackCell */ = {
			isa = PBXGroup;
			children = (
				70D1A8B32993F8B5003B3478 /* LibraryTrackCell.swift */,
				70D1A8B42993F8B5003B3478 /* LibraryTrackCell.xib */,
			);
			path = LibraryTrackCell;
			sourceTree = "<group>";
		};
		70D1A8B72993FC65003B3478 /* Protocols */ = {
			isa = PBXGroup;
			children = (
				70D1A8B82993FC77003B3478 /* MenuActionsDelegate.swift */,
				70FCD0F329A13A4D00AEB719 /* ViewControllerDelegate.swift */,
				7042E43F29A8C7770042B8C3 /* AudioPlayerDelegate.swift */,
				70C8BA0929BA58E50016696A /* VideoPlayerDelegate.swift */,
			);
			path = Protocols;
			sourceTree = "<group>";
		};
		70E63CEB298EDD51003D6CBF /* API */ = {
			isa = PBXGroup;
			children = (
				705BDE7A29BA9F1C006E2E0E /* Yandex */,
				70C8B9FF29BA56FC0016696A /* Spotify */,
				70E92EFE2993F0740087E16A /* SongLink */,
				70E63CEC298EDD59003D6CBF /* Deezer */,
			);
			path = API;
			sourceTree = "<group>";
		};
		70E63CEC298EDD59003D6CBF /* Deezer */ = {
			isa = PBXGroup;
			children = (
				70E63CEF298EDD70003D6CBF /* Models */,
				70E63CED298EDD66003D6CBF /* Enums */,
				70E63CF0298EDD7F003D6CBF /* DeezerAPI.swift */,
				70E63CF2298EDD9C003D6CBF /* DeezerProvider.swift */,
			);
			path = Deezer;
			sourceTree = "<group>";
		};
		70E63CED298EDD66003D6CBF /* Enums */ = {
			isa = PBXGroup;
			children = (
				70E63CF4298EDDBD003D6CBF /* DeezerType.swift */,
			);
			path = Enums;
			sourceTree = "<group>";
		};
		70E63CEF298EDD70003D6CBF /* Models */ = {
			isa = PBXGroup;
			children = (
				70E63CF6298EDDCD003D6CBF /* DeezerAlbum.swift */,
				70E63CF8298EDDD7003D6CBF /* DeezerArtist.swift */,
				70E63CFA298EDDF3003D6CBF /* DeezerData.swift */,
				70E63CFC298EDDFF003D6CBF /* DeezerGenre.swift */,
				70E63CFE298EDE0C003D6CBF /* DeezerTrack.swift */,
			);
			path = Models;
			sourceTree = "<group>";
		};
		70E63D02298EDE61003D6CBF /* Controllers */ = {
			isa = PBXGroup;
			children = (
				70C4124A29AA27D00039AFE1 /* Views */,
				70E63D11298EE37C003D6CBF /* Cells */,
				70E63D06298EDF9D003D6CBF /* ViewControllers */,
				70E63D03298EDE6A003D6CBF /* TabBarController */,
			);
			path = Controllers;
			sourceTree = "<group>";
		};
		70E63D03298EDE6A003D6CBF /* TabBarController */ = {
			isa = PBXGroup;
			children = (
				70E63D04298EDE7E003D6CBF /* TabBarController.swift */,
			);
			path = TabBarController;
			sourceTree = "<group>";
		};
		70E63D06298EDF9D003D6CBF /* ViewControllers */ = {
			isa = PBXGroup;
			children = (
				708BE8CA29B5CE2800819935 /* AddToPlaylistController */,
				70D1A8AB2993F32A003B3478 /* LibrarySection */,
				70E63D0F298EE01C003D6CBF /* LibraryController */,
				70E63D10298EE023003D6CBF /* SearchController */,
				704CD2B3299CE80800FFEBBA /* AddPlaylistController */,
				70FCD0F929A15C3B00AEB719 /* ArtistController */,
				70FCD0D729A0F81E00AEB719 /* AlbumController */,
				70FCD10129A15C9300AEB719 /* MoreAlbumsController */,
				700D5B9729A3F4C1008CB80E /* TracksController */,
				7042E44529A8FC630042B8C3 /* NowPlayingController */,
				708BE8DA29B61AFB00819935 /* PlaylistController */,
				704635E529B8A4FA00A22C4D /* SettingsController */,
			);
			path = ViewControllers;
			sourceTree = "<group>";
		};
		70E63D0F298EE01C003D6CBF /* LibraryController */ = {
			isa = PBXGroup;
			children = (
				70E63D07298EDFAA003D6CBF /* LibraryController.swift */,
				70E63D08298EDFAA003D6CBF /* LibraryController.xib */,
			);
			path = LibraryController;
			sourceTree = "<group>";
		};
		70E63D10298EE023003D6CBF /* SearchController */ = {
			isa = PBXGroup;
			children = (
				70E63D0B298EDFB4003D6CBF /* SearchController.swift */,
				70E63D0C298EDFB4003D6CBF /* SearchController.xib */,
			);
			path = SearchController;
			sourceTree = "<group>";
		};
		70E63D11298EE37C003D6CBF /* Cells */ = {
			isa = PBXGroup;
			children = (
				70E63D1B2990D304003D6CBF /* CollectionViewCells */,
				70E63D12298EE383003D6CBF /* TableViewCells */,
			);
			path = Cells;
			sourceTree = "<group>";
		};
		70E63D12298EE383003D6CBF /* TableViewCells */ = {
			isa = PBXGroup;
			children = (
				704635E829B8A82400A22C4D /* SettingsSection */,
				708BE8E029B639EE00819935 /* PlaylistSection */,
				7026489329A2959D0092E111 /* ArtistSection */,
				70FCD0DC29A0FB6400AEB719 /* AlbumSection */,
				709BA3F4299A200F00B4AD38 /* LibrarySection */,
				70E63D13298EE389003D6CBF /* LibraryCell */,
				70E71A0B2992FEC0004E6309 /* SongCell */,
				708BE8D329B5CEE800819935 /* PlaylistCell */,
			);
			path = TableViewCells;
			sourceTree = "<group>";
		};
		70E63D13298EE389003D6CBF /* LibraryCell */ = {
			isa = PBXGroup;
			children = (
				70E63D14298EE398003D6CBF /* LibraryCell.swift */,
				70E63D15298EE398003D6CBF /* LibraryCell.xib */,
			);
			path = LibraryCell;
			sourceTree = "<group>";
		};
		70E63D182990C919003D6CBF /* Enums */ = {
			isa = PBXGroup;
			children = (
				70E63D192990C922003D6CBF /* LibraryEnum.swift */,
				70E92EFC2993E0550087E16A /* MenuActionsEnum.swift */,
				70680320299F7BC100536187 /* SearchBarEnum.swift */,
			);
			path = Enums;
			sourceTree = "<group>";
		};
		70E63D1B2990D304003D6CBF /* CollectionViewCells */ = {
			isa = PBXGroup;
			children = (
				70E63D212990D3B4003D6CBF /* RecentlyAddedCell */,
			);
			path = CollectionViewCells;
			sourceTree = "<group>";
		};
		70E63D212990D3B4003D6CBF /* RecentlyAddedCell */ = {
			isa = PBXGroup;
			children = (
				70E63D222990D3C4003D6CBF /* RecentlyAddedCell.swift */,
				70E63D232990D3C4003D6CBF /* RecentlyAddedCell.xib */,
			);
			path = RecentlyAddedCell;
			sourceTree = "<group>";
		};
		70E71A0B2992FEC0004E6309 /* SongCell */ = {
			isa = PBXGroup;
			children = (
				70E71A0C29930634004E6309 /* SongCell.swift */,
				70E71A0D29930634004E6309 /* SongCell.xib */,
			);
			path = SongCell;
			sourceTree = "<group>";
		};
		70E92EFE2993F0740087E16A /* SongLink */ = {
			isa = PBXGroup;
			children = (
				70C8B9FA29BA53930016696A /* Models */,
				70B028342993F0DA00BB9E01 /* SongLinkAPI.swift */,
				70B028332993F0DA00BB9E01 /* SongLinkProvider.swift */,
			);
			path = SongLink;
			sourceTree = "<group>";
		};
		70F8AF39298EDC4A0002D1D0 = {
			isa = PBXGroup;
			children = (
				70F8AF44298EDC4A0002D1D0 /* music-app */,
				70F8AF43298EDC4A0002D1D0 /* Products */,
				81E2EB7F8662C362D8722658 /* Pods */,
				EAB544023021F1524F32B69C /* Frameworks */,
			);
			sourceTree = "<group>";
		};
		70F8AF43298EDC4A0002D1D0 /* Products */ = {
			isa = PBXGroup;
			children = (
				70F8AF42298EDC4A0002D1D0 /* music-app.app */,
			);
			name = Products;
			sourceTree = "<group>";
		};
		70F8AF44298EDC4A0002D1D0 /* music-app */ = {
			isa = PBXGroup;
			children = (
				7068032C299F8AEB00536187 /* Localization */,
				709BA3F7299A46E600B4AD38 /* Extensions */,
				70D1A8B72993FC65003B3478 /* Protocols */,
				70450FC92990DBEA008E4C1C /* Realm */,
				70E63D182990C919003D6CBF /* Enums */,
				70E63D02298EDE61003D6CBF /* Controllers */,
				70E63CEB298EDD51003D6CBF /* API */,
				70D1A8B12993F3FA003B3478 /* Managers */,
				704D133329CA837E00297A20 /* Players */,
				70F8AF45298EDC4A0002D1D0 /* AppDelegate.swift */,
				70F8AF47298EDC4A0002D1D0 /* SceneDelegate.swift */,
				70F8AF4B298EDC4A0002D1D0 /* Main.storyboard */,
				70F8AF4E298EDC4B0002D1D0 /* Assets.xcassets */,
				700713E929CA9EDE00D59BAA /* LaunchScreen.storyboard */,
				70F8AF53298EDC4B0002D1D0 /* Info.plist */,
			);
			path = "music-app";
			sourceTree = "<group>";
		};
		70FCD0D729A0F81E00AEB719 /* AlbumController */ = {
			isa = PBXGroup;
			children = (
				70FCD0D829A0FB4000AEB719 /* AlbumController.swift */,
				70FCD0D929A0FB4000AEB719 /* AlbumController.xib */,
			);
			path = AlbumController;
			sourceTree = "<group>";
		};
		70FCD0DC29A0FB6400AEB719 /* AlbumSection */ = {
			isa = PBXGroup;
			children = (
				70FCD0E129A107C000AEB719 /* AlbumInfoCell */,
				70FCD0E629A10FF800AEB719 /* AlbumTrackCell */,
				70FCD0ED29A12A7500AEB719 /* TextAlbumInfoCell */,
				70FCD0F229A1382600AEB719 /* MoreAlbumsByArtistCell */,
			);
			path = AlbumSection;
			sourceTree = "<group>";
		};
		70FCD0E129A107C000AEB719 /* AlbumInfoCell */ = {
			isa = PBXGroup;
			children = (
				70FCD0DD29A0FB7900AEB719 /* AlbumInfoCell.swift */,
				70FCD0DE29A0FB7900AEB719 /* AlbumInfoCell.xib */,
			);
			path = AlbumInfoCell;
			sourceTree = "<group>";
		};
		70FCD0E629A10FF800AEB719 /* AlbumTrackCell */ = {
			isa = PBXGroup;
			children = (
				70FCD0E229A1082500AEB719 /* AlbumTrackCell.swift */,
				70FCD0E329A1082500AEB719 /* AlbumTrackCell.xib */,
			);
			path = AlbumTrackCell;
			sourceTree = "<group>";
		};
		70FCD0ED29A12A7500AEB719 /* TextAlbumInfoCell */ = {
			isa = PBXGroup;
			children = (
				70FCD0E729A1103400AEB719 /* TextAlbumInfoCell.swift */,
				70FCD0E829A1103400AEB719 /* TextAlbumInfoCell.xib */,
			);
			path = TextAlbumInfoCell;
			sourceTree = "<group>";
		};
		70FCD0F229A1382600AEB719 /* MoreAlbumsByArtistCell */ = {
			isa = PBXGroup;
			children = (
				70FCD0EE29A12A8A00AEB719 /* MoreAlbumsByArtistCell.swift */,
				70FCD0EF29A12A8A00AEB719 /* MoreAlbumsByArtistCell.xib */,
			);
			path = MoreAlbumsByArtistCell;
			sourceTree = "<group>";
		};
		70FCD0F929A15C3B00AEB719 /* ArtistController */ = {
			isa = PBXGroup;
			children = (
				70FCD0F529A15B5400AEB719 /* ArtistController.swift */,
				70FCD0F629A15B5400AEB719 /* ArtistController.xib */,
			);
			path = ArtistController;
			sourceTree = "<group>";
		};
		70FCD10129A15C9300AEB719 /* MoreAlbumsController */ = {
			isa = PBXGroup;
			children = (
				70FCD0FD29A15C9000AEB719 /* MoreAlbumsController.swift */,
				70FCD0FE29A15C9000AEB719 /* MoreAlbumsController.xib */,
			);
			path = MoreAlbumsController;
			sourceTree = "<group>";
		};
		81E2EB7F8662C362D8722658 /* Pods */ = {
			isa = PBXGroup;
			children = (
				52B939403168AE812FDE9025 /* Pods-music-app.debug.xcconfig */,
				69EC8EDD2D061E079E7C2AC5 /* Pods-music-app.release.xcconfig */,
			);
			path = Pods;
			sourceTree = "<group>";
		};
		EAB544023021F1524F32B69C /* Frameworks */ = {
			isa = PBXGroup;
			children = (
				704635BD29B89C7100A22C4D /* Package.swift */,
				704635BC29B89C6700A22C4D /* device-kit */,
				A11CBC5FC4473E644D603F16 /* Pods_music_app.framework */,
			);
			name = Frameworks;
			sourceTree = "<group>";
		};
/* End PBXGroup section */

/* Begin PBXNativeTarget section */
		70F8AF41298EDC4A0002D1D0 /* music-app */ = {
			isa = PBXNativeTarget;
			buildConfigurationList = 70F8AF56298EDC4B0002D1D0 /* Build configuration list for PBXNativeTarget "music-app" */;
			buildPhases = (
				D0D15B01137D409F0485D6DB /* [CP] Check Pods Manifest.lock */,
				70F8AF3E298EDC4A0002D1D0 /* Sources */,
				70F8AF3F298EDC4A0002D1D0 /* Frameworks */,
				70F8AF40298EDC4A0002D1D0 /* Resources */,
				5019B35E7E6310689C90440B /* [CP] Embed Pods Frameworks */,
			);
			buildRules = (
			);
			dependencies = (
			);
			name = "music-app";
			packageProductDependencies = (
			);
			productName = "music-app";
			productReference = 70F8AF42298EDC4A0002D1D0 /* music-app.app */;
			productType = "com.apple.product-type.application";
		};
/* End PBXNativeTarget section */

/* Begin PBXProject section */
		70F8AF3A298EDC4A0002D1D0 /* Project object */ = {
			isa = PBXProject;
			attributes = {
				BuildIndependentTargetsInParallel = 1;
				LastSwiftUpdateCheck = 1420;
				LastUpgradeCheck = 1420;
				TargetAttributes = {
					70F8AF41298EDC4A0002D1D0 = {
						CreatedOnToolsVersion = 14.2;
					};
				};
			};
			buildConfigurationList = 70F8AF3D298EDC4A0002D1D0 /* Build configuration list for PBXProject "music-app" */;
			compatibilityVersion = "Xcode 14.0";
			developmentRegion = en;
			hasScannedForEncodings = 0;
			knownRegions = (
				en,
				Base,
				ru,
				uk,
				es,
				be,
			);
			mainGroup = 70F8AF39298EDC4A0002D1D0;
			packageReferences = (
			);
			productRefGroup = 70F8AF43298EDC4A0002D1D0 /* Products */;
			projectDirPath = "";
			projectRoot = "";
			targets = (
				70F8AF41298EDC4A0002D1D0 /* music-app */,
			);
		};
/* End PBXProject section */

/* Begin PBXResourcesBuildPhase section */
		70F8AF40298EDC4A0002D1D0 /* Resources */ = {
			isa = PBXResourcesBuildPhase;
			buildActionMask = 2147483647;
			files = (
				708BE8E929B63FCE00819935 /* TextPlaylistInfoCell.xib in Resources */,
				704CD2AD299CE71200FFEBBA /* LibraryPlaylistsController.xib in Resources */,
				70FCD0E529A1082500AEB719 /* AlbumTrackCell.xib in Resources */,
				70FCD0EA29A1103400AEB719 /* TextAlbumInfoCell.xib in Resources */,
				704CD2B9299CEE5600FFEBBA /* LibraryPlaylistCell.xib in Resources */,
				70C4124E29AA27E40039AFE1 /* NowPlayingView.xib in Resources */,
				704CD2B2299CE80500FFEBBA /* AddPlaylistController.xib in Resources */,
				708BE8DE29B61CE900819935 /* TrackInPlaylistCell.xib in Resources */,
				708BE8CE29B5CE3900819935 /* AddToPlaylistController.xib in Resources */,
				7042E44429A8FC5F0042B8C3 /* NowPlayingController.xib in Resources */,
				70D1A8B62993F8B5003B3478 /* LibraryTrackCell.xib in Resources */,
				70FCD10029A15C9000AEB719 /* MoreAlbumsController.xib in Resources */,
				70D1A8AF2993F3C3003B3478 /* LibrarySongsController.xib in Resources */,
				709BA400299AD1FF00B4AD38 /* LibraryArtistCell.xib in Resources */,
				70FCD0F829A15B5400AEB719 /* ArtistController.xib in Resources */,
				702648A129A29D3D0092E111 /* TopTrackLabelCell.xib in Resources */,
				70FCD0F129A12A8A00AEB719 /* MoreAlbumsByArtistCell.xib in Resources */,
				70F8AF4F298EDC4B0002D1D0 /* Assets.xcassets in Resources */,
				70FCD0DB29A0FB4000AEB719 /* AlbumController.xib in Resources */,
				7026489729A295B80092E111 /* ArtistInfoCell.xib in Resources */,
				708BE8D229B5CEE400819935 /* PlaylistCell.xib in Resources */,
				70E63D0E298EDFB4003D6CBF /* SearchController.xib in Resources */,
				70F8AF4D298EDC4A0002D1D0 /* Main.storyboard in Resources */,
				708BE8D929B61AF800819935 /* PlaylistController.xib in Resources */,
				70FCD0E029A0FB7900AEB719 /* AlbumInfoCell.xib in Resources */,
				70E71A0F29930634004E6309 /* SongCell.xib in Resources */,
				70E63D0A298EDFAA003D6CBF /* LibraryController.xib in Resources */,
				709BA3FB299ACE2100B4AD38 /* LibraryArtistsController.xib in Resources */,
				704635E429B8A4F700A22C4D /* SettingsController.xib in Resources */,
				7068031C299F7A9700536187 /* Localizable.strings in Resources */,
				703E24EE29A3F4EB00C6D957 /* TracksController.xib in Resources */,
				70BAA3EC2995103F008E6BE4 /* LibraryAlbumsController.xib in Resources */,
				700713EA29CA9EDE00D59BAA /* LaunchScreen.storyboard in Resources */,
				70E63D252990D3C4003D6CBF /* RecentlyAddedCell.xib in Resources */,
				704635EC29B8A83800A22C4D /* ColorSettingsCell.xib in Resources */,
				70E63D17298EE398003D6CBF /* LibraryCell.xib in Resources */,
				709BA3F2299A200500B4AD38 /* LibraryAlbumCell.xib in Resources */,
				708BE8E429B63A0300819935 /* PlaylistInfoCell.xib in Resources */,
			);
			runOnlyForDeploymentPostprocessing = 0;
		};
/* End PBXResourcesBuildPhase section */

/* Begin PBXShellScriptBuildPhase section */
		5019B35E7E6310689C90440B /* [CP] Embed Pods Frameworks */ = {
			isa = PBXShellScriptBuildPhase;
			buildActionMask = 2147483647;
			files = (
			);
			inputFileListPaths = (
				"${PODS_ROOT}/Target Support Files/Pods-music-app/Pods-music-app-frameworks-${CONFIGURATION}-input-files.xcfilelist",
			);
			name = "[CP] Embed Pods Frameworks";
			outputFileListPaths = (
				"${PODS_ROOT}/Target Support Files/Pods-music-app/Pods-music-app-frameworks-${CONFIGURATION}-output-files.xcfilelist",
			);
			runOnlyForDeploymentPostprocessing = 0;
			shellPath = /bin/sh;
			shellScript = "\"${PODS_ROOT}/Target Support Files/Pods-music-app/Pods-music-app-frameworks.sh\"\n";
			showEnvVarsInLog = 0;
		};
		D0D15B01137D409F0485D6DB /* [CP] Check Pods Manifest.lock */ = {
			isa = PBXShellScriptBuildPhase;
			buildActionMask = 2147483647;
			files = (
			);
			inputFileListPaths = (
			);
			inputPaths = (
				"${PODS_PODFILE_DIR_PATH}/Podfile.lock",
				"${PODS_ROOT}/Manifest.lock",
			);
			name = "[CP] Check Pods Manifest.lock";
			outputFileListPaths = (
			);
			outputPaths = (
				"$(DERIVED_FILE_DIR)/Pods-music-app-checkManifestLockResult.txt",
			);
			runOnlyForDeploymentPostprocessing = 0;
			shellPath = /bin/sh;
			shellScript = "diff \"${PODS_PODFILE_DIR_PATH}/Podfile.lock\" \"${PODS_ROOT}/Manifest.lock\" > /dev/null\nif [ $? != 0 ] ; then\n    # print error to STDERR\n    echo \"error: The sandbox is not in sync with the Podfile.lock. Run 'pod install' or update your CocoaPods installation.\" >&2\n    exit 1\nfi\n# This output is used by Xcode 'outputs' to avoid re-running this script phase.\necho \"SUCCESS\" > \"${SCRIPT_OUTPUT_FILE_0}\"\n";
			showEnvVarsInLog = 0;
		};
/* End PBXShellScriptBuildPhase section */

/* Begin PBXSourcesBuildPhase section */
		70F8AF3E298EDC4A0002D1D0 /* Sources */ = {
			isa = PBXSourcesBuildPhase;
			buildActionMask = 2147483647;
			files = (
				70E63D16298EE398003D6CBF /* LibraryCell.swift in Sources */,
				70FCD0F429A13A4D00AEB719 /* ViewControllerDelegate.swift in Sources */,
				705BDE8129BAA069006E2E0E /* YandexMusicProvider.swift in Sources */,
				70680327299F7E2A00536187 /* Localization.swift in Sources */,
				70E63D0D298EDFB4003D6CBF /* SearchController.swift in Sources */,
				70E92EFB2993DF370087E16A /* LibraryManager.swift in Sources */,
				70C8BA0629BA57160016696A /* CanvasModel.swift in Sources */,
				70FCD0E929A1103400AEB719 /* TextAlbumInfoCell.swift in Sources */,
				704CD2A9299CE51600FFEBBA /* LibraryPlaylist.swift in Sources */,
				70680321299F7BC100536187 /* SearchBarEnum.swift in Sources */,
				7042E44329A8FC5F0042B8C3 /* NowPlayingController.swift in Sources */,
				70D1A8B92993FC77003B3478 /* MenuActionsDelegate.swift in Sources */,
				704635BB29B89AF000A22C4D /* UICollectionView.swift in Sources */,
				70B028362993F0DA00BB9E01 /* SongLinkProvider.swift in Sources */,
				702648A029A29D3D0092E111 /* TopTrackLabelCell.swift in Sources */,
				70E92EFD2993E0550087E16A /* MenuActionsEnum.swift in Sources */,
				70E63D1A2990C922003D6CBF /* LibraryEnum.swift in Sources */,
				70E63D05298EDE7E003D6CBF /* TabBarController.swift in Sources */,
				70C4124C29AA27DE0039AFE1 /* NowPlayingView.swift in Sources */,
				704CD2B1299CE80500FFEBBA /* AddPlaylistController.swift in Sources */,
				705BDE7C29BA9F2C006E2E0E /* YandexMusicTrackModel.swift in Sources */,
				70E63CFB298EDDF3003D6CBF /* DeezerData.swift in Sources */,
				70D1A8AE2993F3C3003B3478 /* LibrarySongsController.swift in Sources */,
				709BA3F6299A46E200B4AD38 /* String.swift in Sources */,
				70C8BA0129BA57030016696A /* SpotifyAPI.swift in Sources */,
				70E63CF7298EDDCD003D6CBF /* DeezerAlbum.swift in Sources */,
				70F8AF46298EDC4A0002D1D0 /* AppDelegate.swift in Sources */,
				704CD2B8299CEE5600FFEBBA /* LibraryPlaylistCell.swift in Sources */,
				70E63CF9298EDDD7003D6CBF /* DeezerArtist.swift in Sources */,
				703A482529C120780020E679 /* AudioPlayer.swift in Sources */,
				70E71A0E29930634004E6309 /* SongCell.swift in Sources */,
				704635B929B89AA700A22C4D /* UITableView.swift in Sources */,
				70FCD0DF29A0FB7900AEB719 /* AlbumInfoCell.swift in Sources */,
				7026489629A295B80092E111 /* ArtistInfoCell.swift in Sources */,
				70FCD0E429A1082500AEB719 /* AlbumTrackCell.swift in Sources */,
				70C8BA0329BA570A0016696A /* SpotifyProvider.swift in Sources */,
				70B028372993F0DA00BB9E01 /* SongLinkAPI.swift in Sources */,
				704635E329B8A4F700A22C4D /* SettingsController.swift in Sources */,
				7057BDB129B5285A00C8DE17 /* LibraryDataManager.swift in Sources */,
				70E63D242990D3C4003D6CBF /* RecentlyAddedCell.swift in Sources */,
				70FCD0F029A12A8A00AEB719 /* MoreAlbumsByArtistCell.swift in Sources */,
				704635EB29B8A83800A22C4D /* ColorSettingsCell.swift in Sources */,
				7009ACDA29A93C4E00D9B800 /* MPVolumeView.swift in Sources */,
				708BE8D829B61AF800819935 /* PlaylistController.swift in Sources */,
				70FCD0F729A15B5400AEB719 /* ArtistController.swift in Sources */,
				70C8BA0829BA584A0016696A /* VideoPlayer.swift in Sources */,
				709BA3F1299A200500B4AD38 /* LibraryAlbumCell.swift in Sources */,
				703E24EC29A3F4DE00C6D957 /* TracksController.swift in Sources */,
				7009ACD829A936D300D9B800 /* Double.swift in Sources */,
				70BAA3EB2995103F008E6BE4 /* LibraryAlbumsController.swift in Sources */,
				70C8BA0A29BA58E50016696A /* VideoPlayerDelegate.swift in Sources */,
				704635E729B8A71D00A22C4D /* SettingsManager.swift in Sources */,
				70450FCB2990DBF1008E4C1C /* RealmManager.swift in Sources */,
				70FCD0DA29A0FB4000AEB719 /* AlbumController.swift in Sources */,
				709BA3FA299ACE2100B4AD38 /* LibraryArtistsController.swift in Sources */,
				708BE8DD29B61CE900819935 /* TrackInPlaylistCell.swift in Sources */,
				70FCD0FF29A15C9000AEB719 /* MoreAlbumsController.swift in Sources */,
				70C8B9FE29BA53AE0016696A /* LinkModel.swift in Sources */,
				709BA3FF299AD1FF00B4AD38 /* LibraryArtistCell.swift in Sources */,
				70E63CF5298EDDBD003D6CBF /* DeezerType.swift in Sources */,
				708BE8E829B63FCE00819935 /* TextPlaylistInfoCell.swift in Sources */,
				70D1A8B52993F8B5003B3478 /* LibraryTrackCell.swift in Sources */,
				70E63CF3298EDD9C003D6CBF /* DeezerProvider.swift in Sources */,
				70F8AF48298EDC4A0002D1D0 /* SceneDelegate.swift in Sources */,
				70E63CFD298EDDFF003D6CBF /* DeezerGenre.swift in Sources */,
				708BE8D529B60A7E00819935 /* ImageManager.swift in Sources */,
				708BE8CD29B5CE3900819935 /* AddToPlaylistController.swift in Sources */,
				704CD2B5299CEA1600FFEBBA /* LibraryTrackInPlaylist.swift in Sources */,
				705BDE7F29BA9FC8006E2E0E /* YandexMusicAPI.swift in Sources */,
				7042E44029A8C7770042B8C3 /* AudioPlayerDelegate.swift in Sources */,
				70E63D09298EDFAA003D6CBF /* LibraryController.swift in Sources */,
				704CD2AC299CE71200FFEBBA /* LibraryPlaylistsController.swift in Sources */,
				708BE8E329B63A0300819935 /* PlaylistInfoCell.swift in Sources */,
				70450FCE2990DC37008E4C1C /* LibraryTrack.swift in Sources */,
				70826A7129B1ECDD00A7FF73 /* ActionsManager.swift in Sources */,
				70E63CF1298EDD7F003D6CBF /* DeezerAPI.swift in Sources */,
				70FCD0EC29A111A700AEB719 /* Int.swift in Sources */,
				70E63CFF298EDE0C003D6CBF /* DeezerTrack.swift in Sources */,
				70680325299F7DD200536187 /* Bundle.swift in Sources */,
				7057BDB329B52B1A00C8DE17 /* Bool.swift in Sources */,
				708BE8D129B5CEE400819935 /* PlaylistCell.swift in Sources */,
			);
			runOnlyForDeploymentPostprocessing = 0;
		};
/* End PBXSourcesBuildPhase section */

/* Begin PBXVariantGroup section */
		7068031E299F7A9700536187 /* Localizable.strings */ = {
			isa = PBXVariantGroup;
			children = (
				7068031D299F7A9700536187 /* en */,
				7068031F299F7A9B00536187 /* ru */,
				70680328299F804000536187 /* uk */,
				70680329299F817B00536187 /* es */,
				7068032A299F818600536187 /* be */,
			);
			name = Localizable.strings;
			sourceTree = "<group>";
		};
		70F8AF4B298EDC4A0002D1D0 /* Main.storyboard */ = {
			isa = PBXVariantGroup;
			children = (
				70F8AF4C298EDC4A0002D1D0 /* Base */,
			);
			name = Main.storyboard;
			sourceTree = "<group>";
		};
/* End PBXVariantGroup section */

/* Begin XCBuildConfiguration section */
		70F8AF54298EDC4B0002D1D0 /* Debug */ = {
			isa = XCBuildConfiguration;
			buildSettings = {
				ALWAYS_SEARCH_USER_PATHS = NO;
				CLANG_ANALYZER_LOCALIZABILITY_NONLOCALIZED = YES;
				CLANG_ANALYZER_NONNULL = YES;
				CLANG_ANALYZER_NUMBER_OBJECT_CONVERSION = YES_AGGRESSIVE;
				CLANG_CXX_LANGUAGE_STANDARD = "gnu++20";
				CLANG_ENABLE_MODULES = YES;
				CLANG_ENABLE_OBJC_ARC = YES;
				CLANG_ENABLE_OBJC_WEAK = YES;
				CLANG_WARN_BLOCK_CAPTURE_AUTORELEASING = YES;
				CLANG_WARN_BOOL_CONVERSION = YES;
				CLANG_WARN_COMMA = YES;
				CLANG_WARN_CONSTANT_CONVERSION = YES;
				CLANG_WARN_DEPRECATED_OBJC_IMPLEMENTATIONS = YES;
				CLANG_WARN_DIRECT_OBJC_ISA_USAGE = YES_ERROR;
				CLANG_WARN_DOCUMENTATION_COMMENTS = YES;
				CLANG_WARN_EMPTY_BODY = YES;
				CLANG_WARN_ENUM_CONVERSION = YES;
				CLANG_WARN_INFINITE_RECURSION = YES;
				CLANG_WARN_INT_CONVERSION = YES;
				CLANG_WARN_NON_LITERAL_NULL_CONVERSION = YES;
				CLANG_WARN_OBJC_IMPLICIT_RETAIN_SELF = YES;
				CLANG_WARN_OBJC_LITERAL_CONVERSION = YES;
				CLANG_WARN_OBJC_ROOT_CLASS = YES_ERROR;
				CLANG_WARN_QUOTED_INCLUDE_IN_FRAMEWORK_HEADER = YES;
				CLANG_WARN_RANGE_LOOP_ANALYSIS = YES;
				CLANG_WARN_STRICT_PROTOTYPES = YES;
				CLANG_WARN_SUSPICIOUS_MOVE = YES;
				CLANG_WARN_UNGUARDED_AVAILABILITY = YES_AGGRESSIVE;
				CLANG_WARN_UNREACHABLE_CODE = YES;
				CLANG_WARN__DUPLICATE_METHOD_MATCH = YES;
				COPY_PHASE_STRIP = NO;
				DEBUG_INFORMATION_FORMAT = dwarf;
				ENABLE_STRICT_OBJC_MSGSEND = YES;
				ENABLE_TESTABILITY = YES;
				GCC_C_LANGUAGE_STANDARD = gnu11;
				GCC_DYNAMIC_NO_PIC = NO;
				GCC_NO_COMMON_BLOCKS = YES;
				GCC_OPTIMIZATION_LEVEL = 0;
				GCC_PREPROCESSOR_DEFINITIONS = (
					"DEBUG=1",
					"$(inherited)",
				);
				GCC_WARN_64_TO_32_BIT_CONVERSION = YES;
				GCC_WARN_ABOUT_RETURN_TYPE = YES_ERROR;
				GCC_WARN_UNDECLARED_SELECTOR = YES;
				GCC_WARN_UNINITIALIZED_AUTOS = YES_AGGRESSIVE;
				GCC_WARN_UNUSED_FUNCTION = YES;
				GCC_WARN_UNUSED_VARIABLE = YES;
				IPHONEOS_DEPLOYMENT_TARGET = 16.2;
				MTL_ENABLE_DEBUG_INFO = INCLUDE_SOURCE;
				MTL_FAST_MATH = YES;
				ONLY_ACTIVE_ARCH = YES;
				SDKROOT = iphoneos;
				SWIFT_ACTIVE_COMPILATION_CONDITIONS = DEBUG;
				SWIFT_OPTIMIZATION_LEVEL = "-Onone";
			};
			name = Debug;
		};
		70F8AF55298EDC4B0002D1D0 /* Release */ = {
			isa = XCBuildConfiguration;
			buildSettings = {
				ALWAYS_SEARCH_USER_PATHS = NO;
				CLANG_ANALYZER_LOCALIZABILITY_NONLOCALIZED = YES;
				CLANG_ANALYZER_NONNULL = YES;
				CLANG_ANALYZER_NUMBER_OBJECT_CONVERSION = YES_AGGRESSIVE;
				CLANG_CXX_LANGUAGE_STANDARD = "gnu++20";
				CLANG_ENABLE_MODULES = YES;
				CLANG_ENABLE_OBJC_ARC = YES;
				CLANG_ENABLE_OBJC_WEAK = YES;
				CLANG_WARN_BLOCK_CAPTURE_AUTORELEASING = YES;
				CLANG_WARN_BOOL_CONVERSION = YES;
				CLANG_WARN_COMMA = YES;
				CLANG_WARN_CONSTANT_CONVERSION = YES;
				CLANG_WARN_DEPRECATED_OBJC_IMPLEMENTATIONS = YES;
				CLANG_WARN_DIRECT_OBJC_ISA_USAGE = YES_ERROR;
				CLANG_WARN_DOCUMENTATION_COMMENTS = YES;
				CLANG_WARN_EMPTY_BODY = YES;
				CLANG_WARN_ENUM_CONVERSION = YES;
				CLANG_WARN_INFINITE_RECURSION = YES;
				CLANG_WARN_INT_CONVERSION = YES;
				CLANG_WARN_NON_LITERAL_NULL_CONVERSION = YES;
				CLANG_WARN_OBJC_IMPLICIT_RETAIN_SELF = YES;
				CLANG_WARN_OBJC_LITERAL_CONVERSION = YES;
				CLANG_WARN_OBJC_ROOT_CLASS = YES_ERROR;
				CLANG_WARN_QUOTED_INCLUDE_IN_FRAMEWORK_HEADER = YES;
				CLANG_WARN_RANGE_LOOP_ANALYSIS = YES;
				CLANG_WARN_STRICT_PROTOTYPES = YES;
				CLANG_WARN_SUSPICIOUS_MOVE = YES;
				CLANG_WARN_UNGUARDED_AVAILABILITY = YES_AGGRESSIVE;
				CLANG_WARN_UNREACHABLE_CODE = YES;
				CLANG_WARN__DUPLICATE_METHOD_MATCH = YES;
				COPY_PHASE_STRIP = NO;
				DEBUG_INFORMATION_FORMAT = "dwarf-with-dsym";
				ENABLE_NS_ASSERTIONS = NO;
				ENABLE_STRICT_OBJC_MSGSEND = YES;
				GCC_C_LANGUAGE_STANDARD = gnu11;
				GCC_NO_COMMON_BLOCKS = YES;
				GCC_WARN_64_TO_32_BIT_CONVERSION = YES;
				GCC_WARN_ABOUT_RETURN_TYPE = YES_ERROR;
				GCC_WARN_UNDECLARED_SELECTOR = YES;
				GCC_WARN_UNINITIALIZED_AUTOS = YES_AGGRESSIVE;
				GCC_WARN_UNUSED_FUNCTION = YES;
				GCC_WARN_UNUSED_VARIABLE = YES;
				IPHONEOS_DEPLOYMENT_TARGET = 16.2;
				MTL_ENABLE_DEBUG_INFO = NO;
				MTL_FAST_MATH = YES;
				SDKROOT = iphoneos;
				SWIFT_COMPILATION_MODE = wholemodule;
				SWIFT_OPTIMIZATION_LEVEL = "-O";
				VALIDATE_PRODUCT = YES;
			};
			name = Release;
		};
		70F8AF57298EDC4B0002D1D0 /* Debug */ = {
			isa = XCBuildConfiguration;
			baseConfigurationReference = 52B939403168AE812FDE9025 /* Pods-music-app.debug.xcconfig */;
			buildSettings = {
				ASSETCATALOG_COMPILER_APPICON_NAME = AppIcon;
				ASSETCATALOG_COMPILER_GLOBAL_ACCENT_COLOR_NAME = AccentColor;
				CODE_SIGN_STYLE = Automatic;
				CURRENT_PROJECT_VERSION = 1;
				DEVELOPMENT_TEAM = RYL5V28X4W;
				GENERATE_INFOPLIST_FILE = YES;
				INFOPLIST_FILE = "music-app/Info.plist";
				INFOPLIST_KEY_LSApplicationCategoryType = "public.app-category.music";
				INFOPLIST_KEY_UIApplicationSupportsIndirectInputEvents = YES;
				INFOPLIST_KEY_UILaunchStoryboardName = LaunchScreen;
				INFOPLIST_KEY_UIMainStoryboardFile = Main;
				INFOPLIST_KEY_UISupportedInterfaceOrientations = UIInterfaceOrientationPortrait;
				IPHONEOS_DEPLOYMENT_TARGET = 16.0;
				LD_RUNPATH_SEARCH_PATHS = (
					"$(inherited)",
					"@executable_path/Frameworks",
				);
				MARKETING_VERSION = 1.0;
				PRODUCT_BUNDLE_IDENTIFIER = "by.kefaxoo.music-app";
				PRODUCT_NAME = "$(TARGET_NAME)";
				SUPPORTED_PLATFORMS = "iphoneos iphonesimulator";
				SUPPORTS_MACCATALYST = NO;
				SUPPORTS_MAC_DESIGNED_FOR_IPHONE_IPAD = YES;
				SWIFT_EMIT_LOC_STRINGS = YES;
				SWIFT_VERSION = 5.0;
				TARGETED_DEVICE_FAMILY = 1;
			};
			name = Debug;
		};
		70F8AF58298EDC4B0002D1D0 /* Release */ = {
			isa = XCBuildConfiguration;
			baseConfigurationReference = 69EC8EDD2D061E079E7C2AC5 /* Pods-music-app.release.xcconfig */;
			buildSettings = {
				ASSETCATALOG_COMPILER_APPICON_NAME = AppIcon;
				ASSETCATALOG_COMPILER_GLOBAL_ACCENT_COLOR_NAME = AccentColor;
				CODE_SIGN_STYLE = Automatic;
				CURRENT_PROJECT_VERSION = 1;
				DEVELOPMENT_TEAM = RYL5V28X4W;
				GENERATE_INFOPLIST_FILE = YES;
				INFOPLIST_FILE = "music-app/Info.plist";
				INFOPLIST_KEY_LSApplicationCategoryType = "public.app-category.music";
				INFOPLIST_KEY_UIApplicationSupportsIndirectInputEvents = YES;
				INFOPLIST_KEY_UILaunchStoryboardName = LaunchScreen;
				INFOPLIST_KEY_UIMainStoryboardFile = Main;
				INFOPLIST_KEY_UISupportedInterfaceOrientations = UIInterfaceOrientationPortrait;
				IPHONEOS_DEPLOYMENT_TARGET = 16.0;
				LD_RUNPATH_SEARCH_PATHS = (
					"$(inherited)",
					"@executable_path/Frameworks",
				);
				MARKETING_VERSION = 1.0;
				PRODUCT_BUNDLE_IDENTIFIER = "by.kefaxoo.music-app";
				PRODUCT_NAME = "$(TARGET_NAME)";
				SUPPORTED_PLATFORMS = "iphoneos iphonesimulator";
				SUPPORTS_MACCATALYST = NO;
				SUPPORTS_MAC_DESIGNED_FOR_IPHONE_IPAD = YES;
				SWIFT_EMIT_LOC_STRINGS = YES;
				SWIFT_VERSION = 5.0;
				TARGETED_DEVICE_FAMILY = 1;
			};
			name = Release;
		};
/* End XCBuildConfiguration section */

/* Begin XCConfigurationList section */
		70F8AF3D298EDC4A0002D1D0 /* Build configuration list for PBXProject "music-app" */ = {
			isa = XCConfigurationList;
			buildConfigurations = (
				70F8AF54298EDC4B0002D1D0 /* Debug */,
				70F8AF55298EDC4B0002D1D0 /* Release */,
			);
			defaultConfigurationIsVisible = 0;
			defaultConfigurationName = Release;
		};
		70F8AF56298EDC4B0002D1D0 /* Build configuration list for PBXNativeTarget "music-app" */ = {
			isa = XCConfigurationList;
			buildConfigurations = (
				70F8AF57298EDC4B0002D1D0 /* Debug */,
				70F8AF58298EDC4B0002D1D0 /* Release */,
			);
			defaultConfigurationIsVisible = 0;
			defaultConfigurationName = Release;
		};
/* End XCConfigurationList section */
	};
	rootObject = 70F8AF3A298EDC4A0002D1D0 /* Project object */;
}
